{
  "name": "gravitee-management-webui",
  "version": "1.15.0-SNAPSHOT",
  "lockfileVersion": 1,
  "requires": true,
  "dependencies": {
    "angular-breadcrumb": {
      "version": "0.5.0",
      "resolved": "https://registry.npmjs.org/angular-breadcrumb/-/angular-breadcrumb-0.5.0.tgz",
      "integrity": "sha1-BYq+aYTxuC/2rDeIjvmvzLyPY7I="
    },
    "ng-infinite-scroll": {
      "version": "1.3.0",
      "resolved": "https://registry.npmjs.org/ng-infinite-scroll/-/ng-infinite-scroll-1.3.0.tgz",
      "integrity": "sha1-wumNj9E0sFJaTSz1jJXZtYN1URI="
    }
  }
}
