# This file is generated by running "yarn install" inside your project.
# Manual changes might be lost - proceed with caution!

__metadata:
  version: 8
  cacheKey: 10c0

"dotenv@npm:17.4.2":
  version: 17.4.2
  resolution: "dotenv@npm:17.4.2"
  checksum: 10c0/164f8e77a646c8446867d5b588d26ea6005c8ea7c5eb41cf926f6113d23f2191355f6e0cfd95ea9bab98394a5b0a3f1e51a8399711b666fe55cc7b0bd745f942
  languageName: node
  linkType: hard

"gravitee-apim-releaser@workspace:.":
  version: 0.0.0-use.local
  resolution: "gravitee-apim-releaser@workspace:."
  dependencies:
    dotenv: "npm:17.4.2"
    prettier: "npm:3.9.6"
    zx: "npm:8.8.5"
  languageName: unknown
  linkType: soft

"prettier@npm:3.9.6":
  version: 3.9.6
  resolution: "prettier@npm:3.9.6"
  bin:
    prettier: bin/prettier.cjs
  checksum: 10c0/9f7ddae234035868f3daab3dc34e6de7e54622185afb017378029f0c09a9c023248ccf6f34def0b17a0538e18c47aa1b3188bab72965d1bf735919baa0747e99
  languageName: node
  linkType: hard

"zx@npm:8.8.5":
  version: 8.8.5
  resolution: "zx@npm:8.8.5"
  bin:
    zx: build/cli.js
  checksum: 10c0/1273e4f72cfe35a59041aef5a56fd87318bc4e11947d101810b67e5c486ab30574042938728e8a15e085de985e762b8585fcdaab4cf87fd113153b63a5846611
  languageName: node
  linkType: hard
