# This file is generated by running "yarn install" inside your project.
# Manual changes might be lost - proceed with caution!

__metadata:
  version: 8
  cacheKey: 10c0

"anynum@npm:^1.0.1":
  version: 1.0.1
  resolution: "anynum@npm:1.0.1"
  checksum: 10c0/cfda92c9215722fc4b15faa33d0eb3d5dfd28fba6cb67c1f50d214feaa7ba6497814a3e110777853585de6d91c8c962a1ae425b637d3598d9f9d8f6f6802e5bb
  languageName: node
  linkType: hard

"dotenv@npm:16.4.7":
  version: 16.4.7
  resolution: "dotenv@npm:16.4.7"
  checksum: 10c0/be9f597e36a8daf834452daa1f4cc30e5375a5968f98f46d89b16b983c567398a330580c88395069a77473943c06b877d1ca25b4afafcdd6d4adb549e8293462
  languageName: node
  linkType: hard

"fast-xml-parser@npm:5.3.1":
  version: 5.3.1
  resolution: "fast-xml-parser@npm:5.3.1"
  dependencies:
    strnum: "npm:^2.1.0"
  bin:
    fxparser: src/cli/cli.js
  checksum: 10c0/a8bf524d8d11871f0e4d617daa2be8a71072e36dd643a19b540e4df6e2ba18c8041fee03718f655945601af67dc9af27b614683e01d64833b5eadeb2bb438c70
  languageName: node
  linkType: hard

"gravitee-apim-releaser@workspace:.":
  version: 0.0.0-use.local
  resolution: "gravitee-apim-releaser@workspace:."
  dependencies:
    dotenv: "npm:16.4.7"
    fast-xml-parser: "npm:5.3.1"
    prettier: "npm:3.5.3"
    zx: "npm:8.8.5"
  languageName: unknown
  linkType: soft

"prettier@npm:3.5.3":
  version: 3.5.3
  resolution: "prettier@npm:3.5.3"
  bin:
    prettier: bin/prettier.cjs
  checksum: 10c0/3880cb90b9dc0635819ab52ff571518c35bd7f15a6e80a2054c05dbc8a3aa6e74f135519e91197de63705bcb38388ded7e7230e2178432a1468005406238b877
  languageName: node
  linkType: hard

"strnum@npm:^2.1.0":
  version: 2.4.1
  resolution: "strnum@npm:2.4.1"
  dependencies:
    anynum: "npm:^1.0.1"
  checksum: 10c0/0d6a42bf8a1ad74b0a6c048ecf3bea50757383bcf304877ebe6e62acca5574bc088ce71bfb4de4b89b2ab44c618834c76be5894da04b67c673ff6677788b2638
  languageName: node
  linkType: hard

"zx@npm:8.8.5":
  version: 8.8.5
  resolution: "zx@npm:8.8.5"
  bin:
    zx: build/cli.js
  checksum: 10c0/1273e4f72cfe35a59041aef5a56fd87318bc4e11947d101810b67e5c486ab30574042938728e8a15e085de985e762b8585fcdaab4cf87fd113153b63a5846611
  languageName: node
  linkType: hard
