# This file is generated by running "yarn install" inside your project.
# Manual changes might be lost - proceed with caution!

__metadata:
  version: 8
  cacheKey: 10c0

"@nodable/entities@npm:^3.0.0":
  version: 3.0.0
  resolution: "@nodable/entities@npm:3.0.0"
  checksum: 10c0/5e57422ce08d9f83a7ad09d8f90953e2e63b3274c3f941bf7ddf64f290473e70d47acbd6c8b9e60169c2a8c5c2424c4131bdd99b937792413f55a4a146f76658
  languageName: node
  linkType: hard

"anynum@npm:^1.0.1":
  version: 1.0.1
  resolution: "anynum@npm:1.0.1"
  checksum: 10c0/cfda92c9215722fc4b15faa33d0eb3d5dfd28fba6cb67c1f50d214feaa7ba6497814a3e110777853585de6d91c8c962a1ae425b637d3598d9f9d8f6f6802e5bb
  languageName: node
  linkType: hard

"dotenv@npm:17.4.2":
  version: 17.4.2
  resolution: "dotenv@npm:17.4.2"
  checksum: 10c0/164f8e77a646c8446867d5b588d26ea6005c8ea7c5eb41cf926f6113d23f2191355f6e0cfd95ea9bab98394a5b0a3f1e51a8399711b666fe55cc7b0bd745f942
  languageName: node
  linkType: hard

"fast-xml-builder@npm:^1.2.0":
  version: 1.3.0
  resolution: "fast-xml-builder@npm:1.3.0"
  dependencies:
    path-expression-matcher: "npm:^1.6.2"
    xml-naming: "npm:^0.3.0"
  checksum: 10c0/3ab79c0da68dac4fccd6a92289b60a5ce7d2147f765db48b0a30263a814d21ce5173b6e3e6e1e728c982ef9642db4cc790e536c0d2a56d9c612e46d4286e2b74
  languageName: node
  linkType: hard

"fast-xml-parser@npm:5.10.1":
  version: 5.10.1
  resolution: "fast-xml-parser@npm:5.10.1"
  dependencies:
    "@nodable/entities": "npm:^3.0.0"
    fast-xml-builder: "npm:^1.2.0"
    is-unsafe: "npm:^2.0.0"
    path-expression-matcher: "npm:^1.6.2"
    strnum: "npm:^2.4.1"
    xml-naming: "npm:^0.3.0"
  bin:
    fxparser: src/cli/cli.js
  checksum: 10c0/a7ef867ede5366b52efc8d490a5d39fa0afcdcb9d66e1f19296bea23dd304d167de0e61dbabb7138638fbbb099514b89e31710fd4ddc32559513ce1bdc776034
  languageName: node
  linkType: hard

"gravitee-apim-releaser@workspace:.":
  version: 0.0.0-use.local
  resolution: "gravitee-apim-releaser@workspace:."
  dependencies:
    dotenv: "npm:17.4.2"
    fast-xml-parser: "npm:5.10.1"
    prettier: "npm:3.9.6"
    zx: "npm:8.8.5"
  languageName: unknown
  linkType: soft

"is-unsafe@npm:^2.0.0":
  version: 2.0.0
  resolution: "is-unsafe@npm:2.0.0"
  checksum: 10c0/d7f721ae13e1abcec419e31f375b9b0840afc790250af3650709160ac9301d9f73e357b2ff832282258529b4f2d3cd622fcddd648f99704e686b2673f4e76a16
  languageName: node
  linkType: hard

"path-expression-matcher@npm:^1.6.2":
  version: 1.6.2
  resolution: "path-expression-matcher@npm:1.6.2"
  checksum: 10c0/8241302f563de367a81acacd417055a22dd3792a84700569dc2a7888da31aa18eb01131c55f05200c92790b6c45b01fee1984b02540cc5f15726ba1b73a8a075
  languageName: node
  linkType: hard

"prettier@npm:3.9.6":
  version: 3.9.6
  resolution: "prettier@npm:3.9.6"
  bin:
    prettier: bin/prettier.cjs
  checksum: 10c0/9f7ddae234035868f3daab3dc34e6de7e54622185afb017378029f0c09a9c023248ccf6f34def0b17a0538e18c47aa1b3188bab72965d1bf735919baa0747e99
  languageName: node
  linkType: hard

"strnum@npm:^2.4.1":
  version: 2.4.1
  resolution: "strnum@npm:2.4.1"
  dependencies:
    anynum: "npm:^1.0.1"
  checksum: 10c0/0d6a42bf8a1ad74b0a6c048ecf3bea50757383bcf304877ebe6e62acca5574bc088ce71bfb4de4b89b2ab44c618834c76be5894da04b67c673ff6677788b2638
  languageName: node
  linkType: hard

"xml-naming@npm:^0.3.0":
  version: 0.3.0
  resolution: "xml-naming@npm:0.3.0"
  checksum: 10c0/48bfc4fe888cdf1c3eceb7853632ebce59e4aa71f0ae33c3f9ce1fbd3213caad293457de0a311114491f0d4efcfba70977dcba3a4f66dfed8c92edbb938056bf
  languageName: node
  linkType: hard

"zx@npm:8.8.5":
  version: 8.8.5
  resolution: "zx@npm:8.8.5"
  bin:
    zx: build/cli.js
  checksum: 10c0/1273e4f72cfe35a59041aef5a56fd87318bc4e11947d101810b67e5c486ab30574042938728e8a15e085de985e762b8585fcdaab4cf87fd113153b63a5846611
  languageName: node
  linkType: hard
