# This file is generated by running "yarn install" inside your project.
# Manual changes might be lost - proceed with caution!

__metadata:
  version: 8
  cacheKey: 10c0

"@gitbeaker/core@npm:^38.12.1":
  version: 38.12.1
  resolution: "@gitbeaker/core@npm:38.12.1"
  dependencies:
    "@gitbeaker/requester-utils": "npm:^38.12.1"
    qs: "npm:^6.11.1"
    xcase: "npm:^2.0.1"
  checksum: 10c0/9cc6d6e25c4ca48a86ef55873b6589323d41b8c5dd2a130abf08f213ae6f80a2caab975d1efd7f83d382a78584f218e48ec846c4b29194a97ad51768d7a4af80
  languageName: node
  linkType: hard

"@gitbeaker/requester-utils@npm:^38.12.1":
  version: 38.12.1
  resolution: "@gitbeaker/requester-utils@npm:38.12.1"
  dependencies:
    qs: "npm:^6.11.1"
    xcase: "npm:^2.0.1"
  checksum: 10c0/b253c91726f19d9e73d872c0a1a5c0a3e890ca388c3a23a8e694996f5988e93d261ce580fc0dc891cff2c6d7dde7c35ac16bd93331a68106ac6a471fe437d1e6
  languageName: node
  linkType: hard

"@gitbeaker/rest@npm:^38.0.0":
  version: 38.12.1
  resolution: "@gitbeaker/rest@npm:38.12.1"
  dependencies:
    "@gitbeaker/core": "npm:^38.12.1"
    "@gitbeaker/requester-utils": "npm:^38.12.1"
  checksum: 10c0/a4ba82ff5eb941a8d9ec7260329955b06e20aa12aaa814fede09c1fdeca00affae1513b5ccf0a24b69a5fae25b4a95f5fd1cc77918913ed1aa7ca887185362b7
  languageName: node
  linkType: hard

"@octokit/auth-token@npm:^2.4.4":
  version: 2.5.0
  resolution: "@octokit/auth-token@npm:2.5.0"
  dependencies:
    "@octokit/types": "npm:^6.0.3"
  checksum: 10c0/e9f757b6acdee91885dab97069527c86829da0dc60476c38cdff3a739ff47fd026262715965f91e84ec9d01bc43d02678bc8ed472a85395679af621b3ddbe045
  languageName: node
  linkType: hard

"@octokit/core@npm:^3.5.1":
  version: 3.6.0
  resolution: "@octokit/core@npm:3.6.0"
  dependencies:
    "@octokit/auth-token": "npm:^2.4.4"
    "@octokit/graphql": "npm:^4.5.8"
    "@octokit/request": "npm:^5.6.3"
    "@octokit/request-error": "npm:^2.0.5"
    "@octokit/types": "npm:^6.0.3"
    before-after-hook: "npm:^2.2.0"
    universal-user-agent: "npm:^6.0.0"
  checksum: 10c0/78d9799a57fe9cf155cce485ba8b7ec32f05024350bf5dd8ab5e0da8995cc22168c39dbbbcfc29bc6c562dd482c1c4a3064f466f49e2e9ce4efad57cf28a7360
  languageName: node
  linkType: hard

"@octokit/endpoint@npm:^6.0.1":
  version: 6.0.12
  resolution: "@octokit/endpoint@npm:6.0.12"
  dependencies:
    "@octokit/types": "npm:^6.0.3"
    is-plain-object: "npm:^5.0.0"
    universal-user-agent: "npm:^6.0.0"
  checksum: 10c0/b2d9c91f00ab7c997338d08a06bfd12a67d86060bc40471f921ba424e4de4e5a0a1117631f2a8a8787107d89d631172dd157cb5e2633674b1ae3a0e2b0dcfa3e
  languageName: node
  linkType: hard

"@octokit/graphql@npm:^4.5.8":
  version: 4.8.0
  resolution: "@octokit/graphql@npm:4.8.0"
  dependencies:
    "@octokit/request": "npm:^5.6.0"
    "@octokit/types": "npm:^6.0.3"
    universal-user-agent: "npm:^6.0.0"
  checksum: 10c0/2cfa0cbc636465d729f4a6a5827f7d36bed0fc9ea270a79427a431f1672fd109f463ca4509aeb3eb02342b91592ff06f318b39d6866d7424d2a16b0bfc01e62e
  languageName: node
  linkType: hard

"@octokit/openapi-types@npm:^12.11.0":
  version: 12.11.0
  resolution: "@octokit/openapi-types@npm:12.11.0"
  checksum: 10c0/b3bb3684d9686ef948d8805ab56f85818f36e4cb64ef97b8e48dc233efefef22fe0bddd9da705fb628ea618a1bebd62b3d81b09a3f7dce9522f124d998041896
  languageName: node
  linkType: hard

"@octokit/plugin-paginate-rest@npm:^2.16.8":
  version: 2.21.3
  resolution: "@octokit/plugin-paginate-rest@npm:2.21.3"
  dependencies:
    "@octokit/types": "npm:^6.40.0"
  peerDependencies:
    "@octokit/core": ">=2"
  checksum: 10c0/a16f7ed56db00ea9b72f77735e8d9463ddc84d017cb95c2767026c60a209f7c4176502c592847cf61613eb2f25dafe8d5437c01ad296660ebbfb2c821ef805e9
  languageName: node
  linkType: hard

"@octokit/plugin-request-log@npm:^1.0.4":
  version: 1.0.4
  resolution: "@octokit/plugin-request-log@npm:1.0.4"
  peerDependencies:
    "@octokit/core": ">=3"
  checksum: 10c0/7238585445555db553912e0cdef82801c89c6e5cbc62c23ae086761c23cc4a403d6c3fddd20348bbd42fb7508e2c2fce370eb18fdbe3fbae2c0d2c8be974f4cc
  languageName: node
  linkType: hard

"@octokit/plugin-rest-endpoint-methods@npm:^5.12.0":
  version: 5.16.2
  resolution: "@octokit/plugin-rest-endpoint-methods@npm:5.16.2"
  dependencies:
    "@octokit/types": "npm:^6.39.0"
    deprecation: "npm:^2.3.1"
  peerDependencies:
    "@octokit/core": ">=3"
  checksum: 10c0/32bfb30241140ad9bf17712856e1946374fb8d6040adfd5b9ea862e7149e5d2a38e0e037d3b468af34f7f2561129a6f170cffeb2a6225e548b04934e2c05eb93
  languageName: node
  linkType: hard

"@octokit/request-error@npm:^2.0.5, @octokit/request-error@npm:^2.1.0":
  version: 2.1.0
  resolution: "@octokit/request-error@npm:2.1.0"
  dependencies:
    "@octokit/types": "npm:^6.0.3"
    deprecation: "npm:^2.0.0"
    once: "npm:^1.4.0"
  checksum: 10c0/eb50eb2734aa903f1e855ac5887bb76d6f237a3aaa022b09322a7676c79bb8020259b25f84ab895c4fc7af5cc736e601ec8cc7e9040ca4629bac8cb393e91c40
  languageName: node
  linkType: hard

"@octokit/request@npm:^5.6.0, @octokit/request@npm:^5.6.3":
  version: 5.6.3
  resolution: "@octokit/request@npm:5.6.3"
  dependencies:
    "@octokit/endpoint": "npm:^6.0.1"
    "@octokit/request-error": "npm:^2.1.0"
    "@octokit/types": "npm:^6.16.1"
    is-plain-object: "npm:^5.0.0"
    node-fetch: "npm:^2.6.7"
    universal-user-agent: "npm:^6.0.0"
  checksum: 10c0/a546dc05665c6cf8184ae7c4ac3ed4f0c339c2170dd7e2beeb31a6e0a9dd968ca8ad960edbd2af745e585276e692c9eb9c6dbf1a8c9d815eb7b7fd282f3e67fc
  languageName: node
  linkType: hard

"@octokit/rest@npm:^16.43.0 || ^17.11.0 || ^18.12.0, @octokit/rest@npm:^18.12.0":
  version: 18.12.0
  resolution: "@octokit/rest@npm:18.12.0"
  dependencies:
    "@octokit/core": "npm:^3.5.1"
    "@octokit/plugin-paginate-rest": "npm:^2.16.8"
    "@octokit/plugin-request-log": "npm:^1.0.4"
    "@octokit/plugin-rest-endpoint-methods": "npm:^5.12.0"
  checksum: 10c0/e649baf7ccc3de57e5aeffb88e2888b023ffc693dee91c4db58dcb7b5481348bc5b0e6a49a176354c3150e3fa4e02c43a5b1d2be02492909b3f6dcfa5f63e444
  languageName: node
  linkType: hard

"@octokit/types@npm:^6.0.3, @octokit/types@npm:^6.16.1, @octokit/types@npm:^6.39.0, @octokit/types@npm:^6.40.0":
  version: 6.41.0
  resolution: "@octokit/types@npm:6.41.0"
  dependencies:
    "@octokit/openapi-types": "npm:^12.11.0"
  checksum: 10c0/81cfa58e5524bf2e233d75a346e625fd6e02a7b919762c6ddb523ad6fb108943ef9d34c0298ff3c5a44122e449d9038263bc22959247fd6ff8894a48888ac705
  languageName: node
  linkType: hard

"@tootallnate/once@npm:2":
  version: 2.0.0
  resolution: "@tootallnate/once@npm:2.0.0"
  checksum: 10c0/073bfa548026b1ebaf1659eb8961e526be22fa77139b10d60e712f46d2f0f05f4e6c8bec62a087d41088ee9e29faa7f54838568e475ab2f776171003c3920858
  languageName: node
  linkType: hard

"agent-base@npm:6":
  version: 6.0.2
  resolution: "agent-base@npm:6.0.2"
  dependencies:
    debug: "npm:4"
  checksum: 10c0/dc4f757e40b5f3e3d674bc9beb4f1048f4ee83af189bae39be99f57bf1f48dde166a8b0a5342a84b5944ee8e6ed1e5a9d801858f4ad44764e84957122fe46261
  languageName: node
  linkType: hard

"ansi-styles@npm:^3.2.1":
  version: 3.2.1
  resolution: "ansi-styles@npm:3.2.1"
  dependencies:
    color-convert: "npm:^1.9.0"
  checksum: 10c0/ece5a8ef069fcc5298f67e3f4771a663129abd174ea2dfa87923a2be2abf6cd367ef72ac87942da00ce85bd1d651d4cd8595aebdb1b385889b89b205860e977b
  languageName: node
  linkType: hard

"async-retry@npm:1.2.3":
  version: 1.2.3
  resolution: "async-retry@npm:1.2.3"
  dependencies:
    retry: "npm:0.12.0"
  checksum: 10c0/ab460b431f53aa1b066c571a779776f10f9f2759d2764a1ab4f4dc6246b22f8cef15b26cbe2b5b9222149031b6f0a63fa32dfa2c9359069c7be3391528ddf961
  languageName: node
  linkType: hard

"before-after-hook@npm:^2.2.0":
  version: 2.2.3
  resolution: "before-after-hook@npm:2.2.3"
  checksum: 10c0/0488c4ae12df758ca9d49b3bb27b47fd559677965c52cae7b335784724fb8bf96c42b6e5ba7d7afcbc31facb0e294c3ef717cc41c5bc2f7bd9e76f8b90acd31c
  languageName: node
  linkType: hard

"braces@npm:^3.0.2":
  version: 3.0.2
  resolution: "braces@npm:3.0.2"
  dependencies:
    fill-range: "npm:^7.0.1"
  checksum: 10c0/321b4d675791479293264019156ca322163f02dc06e3c4cab33bb15cd43d80b51efef69b0930cfde3acd63d126ebca24cd0544fa6f261e093a0fb41ab9dda381
  languageName: node
  linkType: hard

"buffer-equal-constant-time@npm:1.0.1":
  version: 1.0.1
  resolution: "buffer-equal-constant-time@npm:1.0.1"
  checksum: 10c0/fb2294e64d23c573d0dd1f1e7a466c3e978fe94a4e0f8183937912ca374619773bef8e2aceb854129d2efecbbc515bbd0cc78d2734a3e3031edb0888531bbc8e
  languageName: node
  linkType: hard

"call-bind-apply-helpers@npm:^1.0.1":
  version: 1.0.2
  resolution: "call-bind-apply-helpers@npm:1.0.2"
  dependencies:
    es-errors: "npm:^1.3.0"
    function-bind: "npm:^1.1.2"
  checksum: 10c0/47bd9901d57b857590431243fea704ff18078b16890a6b3e021e12d279bbf211d039155e27d7566b374d49ee1f8189344bac9833dec7a20cdec370506361c938
  languageName: node
  linkType: hard

"call-bound@npm:^1.0.2":
  version: 1.0.3
  resolution: "call-bound@npm:1.0.3"
  dependencies:
    call-bind-apply-helpers: "npm:^1.0.1"
    get-intrinsic: "npm:^1.2.6"
  checksum: 10c0/45257b8e7621067304b30dbd638e856cac913d31e8e00a80d6cf172911acd057846572d0b256b45e652d515db6601e2974a1b1a040e91b4fc36fb3dd86fa69cf
  languageName: node
  linkType: hard

"chalk@npm:^2.3.0":
  version: 2.4.2
  resolution: "chalk@npm:2.4.2"
  dependencies:
    ansi-styles: "npm:^3.2.1"
    escape-string-regexp: "npm:^1.0.5"
    supports-color: "npm:^5.3.0"
  checksum: 10c0/e6543f02ec877732e3a2d1c3c3323ddb4d39fbab687c23f526e25bd4c6a9bf3b83a696e8c769d078e04e5754921648f7821b2a2acfd16c550435fd630026e073
  languageName: node
  linkType: hard

"color-convert@npm:^1.9.0":
  version: 1.9.3
  resolution: "color-convert@npm:1.9.3"
  dependencies:
    color-name: "npm:1.1.3"
  checksum: 10c0/5ad3c534949a8c68fca8fbc6f09068f435f0ad290ab8b2f76841b9e6af7e0bb57b98cb05b0e19fe33f5d91e5a8611ad457e5f69e0a484caad1f7487fd0e8253c
  languageName: node
  linkType: hard

"color-name@npm:1.1.3":
  version: 1.1.3
  resolution: "color-name@npm:1.1.3"
  checksum: 10c0/566a3d42cca25b9b3cd5528cd7754b8e89c0eb646b7f214e8e2eaddb69994ac5f0557d9c175eb5d8f0ad73531140d9c47525085ee752a91a2ab15ab459caf6d6
  languageName: node
  linkType: hard

"colors@npm:1.4.0":
  version: 1.4.0
  resolution: "colors@npm:1.4.0"
  checksum: 10c0/9af357c019da3c5a098a301cf64e3799d27549d8f185d86f79af23069e4f4303110d115da98483519331f6fb71c8568d5688fa1c6523600044fd4a54e97c4efb
  languageName: node
  linkType: hard

"commander@npm:^2.18.0":
  version: 2.20.3
  resolution: "commander@npm:2.20.3"
  checksum: 10c0/74c781a5248c2402a0a3e966a0a2bba3c054aad144f5c023364be83265e796b20565aa9feff624132ff629aa64e16999fa40a743c10c12f7c61e96a794b99288
  languageName: node
  linkType: hard

"core-js@npm:^3.8.2":
  version: 3.27.1
  resolution: "core-js@npm:3.27.1"
  checksum: 10c0/39bb23f4ab38df2b51f0967b5e398759565e38a92540019a9c2ee7e747b4c833296ef139c8be9db3e16024c450eff1d09be43c3c5c26e0547a004866fe86dadb
  languageName: node
  linkType: hard

"danger@npm:12.3.4":
  version: 12.3.4
  resolution: "danger@npm:12.3.4"
  dependencies:
    "@gitbeaker/rest": "npm:^38.0.0"
    "@octokit/rest": "npm:^18.12.0"
    async-retry: "npm:1.2.3"
    chalk: "npm:^2.3.0"
    commander: "npm:^2.18.0"
    core-js: "npm:^3.8.2"
    debug: "npm:^4.1.1"
    fast-json-patch: "npm:^3.0.0-1"
    get-stdin: "npm:^6.0.0"
    http-proxy-agent: "npm:^5.0.0"
    https-proxy-agent: "npm:^5.0.1"
    hyperlinker: "npm:^1.0.0"
    json5: "npm:^2.2.3"
    jsonpointer: "npm:^5.0.0"
    jsonwebtoken: "npm:^9.0.0"
    lodash.find: "npm:^4.6.0"
    lodash.includes: "npm:^4.3.0"
    lodash.isobject: "npm:^3.0.2"
    lodash.keys: "npm:^4.0.8"
    lodash.mapvalues: "npm:^4.6.0"
    lodash.memoize: "npm:^4.1.2"
    memfs-or-file-map-to-github-branch: "npm:^1.2.1"
    micromatch: "npm:^4.0.4"
    node-cleanup: "npm:^2.1.2"
    node-fetch: "npm:^2.6.7"
    override-require: "npm:^1.1.1"
    p-limit: "npm:^2.1.0"
    parse-diff: "npm:^0.7.0"
    parse-git-config: "npm:^2.0.3"
    parse-github-url: "npm:^1.0.2"
    parse-link-header: "npm:^2.0.0"
    pinpoint: "npm:^1.1.0"
    prettyjson: "npm:^1.2.1"
    readline-sync: "npm:^1.4.9"
    regenerator-runtime: "npm:^0.13.9"
    require-from-string: "npm:^2.0.2"
    supports-hyperlinks: "npm:^1.0.1"
  bin:
    danger: distribution/commands/danger.js
    danger-ci: distribution/commands/danger-ci.js
    danger-init: distribution/commands/danger-init.js
    danger-js: distribution/commands/danger.js
    danger-local: distribution/commands/danger-local.js
    danger-pr: distribution/commands/danger-pr.js
    danger-process: distribution/commands/danger-process.js
    danger-reset-status: distribution/commands/danger-reset-status.js
    danger-runner: distribution/commands/danger-runner.js
  checksum: 10c0/29dc0c35138d79b881c60c2bc5345dfa11627b459050c5fe899ad7e85e17b4fec29a8d4172b78f2f723f97127ca80ed023b8cf539ef2bb1ed592fe9cff23adcc
  languageName: node
  linkType: hard

"debug@npm:4, debug@npm:^4.1.1":
  version: 4.3.4
  resolution: "debug@npm:4.3.4"
  dependencies:
    ms: "npm:2.1.2"
  peerDependenciesMeta:
    supports-color:
      optional: true
  checksum: 10c0/cedbec45298dd5c501d01b92b119cd3faebe5438c3917ff11ae1bff86a6c722930ac9c8659792824013168ba6db7c4668225d845c633fbdafbbf902a6389f736
  languageName: node
  linkType: hard

"deprecation@npm:^2.0.0, deprecation@npm:^2.3.1":
  version: 2.3.1
  resolution: "deprecation@npm:2.3.1"
  checksum: 10c0/23d688ba66b74d09b908c40a76179418acbeeb0bfdf218c8075c58ad8d0c315130cb91aa3dffb623aa3a411a3569ce56c6460de6c8d69071c17fe6dd2442f032
  languageName: node
  linkType: hard

"dunder-proto@npm:^1.0.1":
  version: 1.0.1
  resolution: "dunder-proto@npm:1.0.1"
  dependencies:
    call-bind-apply-helpers: "npm:^1.0.1"
    es-errors: "npm:^1.3.0"
    gopd: "npm:^1.2.0"
  checksum: 10c0/199f2a0c1c16593ca0a145dbf76a962f8033ce3129f01284d48c45ed4e14fea9bbacd7b3610b6cdc33486cef20385ac054948fefc6272fcce645c09468f93031
  languageName: node
  linkType: hard

"ecdsa-sig-formatter@npm:1.0.11":
  version: 1.0.11
  resolution: "ecdsa-sig-formatter@npm:1.0.11"
  dependencies:
    safe-buffer: "npm:^5.0.1"
  checksum: 10c0/ebfbf19d4b8be938f4dd4a83b8788385da353d63307ede301a9252f9f7f88672e76f2191618fd8edfc2f24679236064176fab0b78131b161ee73daa37125408c
  languageName: node
  linkType: hard

"es-define-property@npm:^1.0.1":
  version: 1.0.1
  resolution: "es-define-property@npm:1.0.1"
  checksum: 10c0/3f54eb49c16c18707949ff25a1456728c883e81259f045003499efba399c08bad00deebf65cccde8c0e07908c1a225c9d472b7107e558f2a48e28d530e34527c
  languageName: node
  linkType: hard

"es-errors@npm:^1.3.0":
  version: 1.3.0
  resolution: "es-errors@npm:1.3.0"
  checksum: 10c0/0a61325670072f98d8ae3b914edab3559b6caa980f08054a3b872052640d91da01d38df55df797fcc916389d77fc92b8d5906cf028f4db46d7e3003abecbca85
  languageName: node
  linkType: hard

"es-object-atoms@npm:^1.0.0":
  version: 1.1.1
  resolution: "es-object-atoms@npm:1.1.1"
  dependencies:
    es-errors: "npm:^1.3.0"
  checksum: 10c0/65364812ca4daf48eb76e2a3b7a89b3f6a2e62a1c420766ce9f692665a29d94fe41fe88b65f24106f449859549711e4b40d9fb8002d862dfd7eb1c512d10be0c
  languageName: node
  linkType: hard

"escape-string-regexp@npm:^1.0.5":
  version: 1.0.5
  resolution: "escape-string-regexp@npm:1.0.5"
  checksum: 10c0/a968ad453dd0c2724e14a4f20e177aaf32bb384ab41b674a8454afe9a41c5e6fe8903323e0a1052f56289d04bd600f81278edf140b0fcc02f5cac98d0f5b5371
  languageName: node
  linkType: hard

"expand-tilde@npm:^2.0.2":
  version: 2.0.2
  resolution: "expand-tilde@npm:2.0.2"
  dependencies:
    homedir-polyfill: "npm:^1.0.1"
  checksum: 10c0/205a60497422746d1c3acbc1d65bd609b945066f239a2b785e69a7a651ac4cbeb4e08555b1ea0023abbe855e6fcb5bbf27d0b371367fdccd303d4fb2b4d66845
  languageName: node
  linkType: hard

"extend-shallow@npm:^2.0.1":
  version: 2.0.1
  resolution: "extend-shallow@npm:2.0.1"
  dependencies:
    is-extendable: "npm:^0.1.0"
  checksum: 10c0/ee1cb0a18c9faddb42d791b2d64867bd6cfd0f3affb711782eb6e894dd193e2934a7f529426aac7c8ddb31ac5d38000a00aa2caf08aa3dfc3e1c8ff6ba340bd9
  languageName: node
  linkType: hard

"fast-json-patch@npm:^3.0.0-1":
  version: 3.1.1
  resolution: "fast-json-patch@npm:3.1.1"
  checksum: 10c0/8a0438b4818bb53153275fe5b38033610e8c9d9eb11869e6a7dc05eb92fa70f3caa57015e344eb3ae1e71c7a75ad4cc6bc2dc9e0ff281d6ed8ecd44505210ca8
  languageName: node
  linkType: hard

"fill-range@npm:^7.0.1":
  version: 7.0.1
  resolution: "fill-range@npm:7.0.1"
  dependencies:
    to-regex-range: "npm:^5.0.1"
  checksum: 10c0/7cdad7d426ffbaadf45aeb5d15ec675bbd77f7597ad5399e3d2766987ed20bda24d5fac64b3ee79d93276f5865608bb22344a26b9b1ae6c4d00bd94bf611623f
  languageName: node
  linkType: hard

"fs-exists-sync@npm:^0.1.0":
  version: 0.1.0
  resolution: "fs-exists-sync@npm:0.1.0"
  checksum: 10c0/3067957c9394aabfce5f7351b6a70fcc423483131c7c0fa9ba8e48cbe00ecd866fb98e43e3c534b60e03354a520cfc27e9dc488bd057317c66b97714ad9bf673
  languageName: node
  linkType: hard

"function-bind@npm:^1.1.2":
  version: 1.1.2
  resolution: "function-bind@npm:1.1.2"
  checksum: 10c0/d8680ee1e5fcd4c197e4ac33b2b4dce03c71f4d91717292785703db200f5c21f977c568d28061226f9b5900cbcd2c84463646134fd5337e7925e0942bc3f46d5
  languageName: node
  linkType: hard

"get-intrinsic@npm:^1.2.5, get-intrinsic@npm:^1.2.6":
  version: 1.2.7
  resolution: "get-intrinsic@npm:1.2.7"
  dependencies:
    call-bind-apply-helpers: "npm:^1.0.1"
    es-define-property: "npm:^1.0.1"
    es-errors: "npm:^1.3.0"
    es-object-atoms: "npm:^1.0.0"
    function-bind: "npm:^1.1.2"
    get-proto: "npm:^1.0.0"
    gopd: "npm:^1.2.0"
    has-symbols: "npm:^1.1.0"
    hasown: "npm:^2.0.2"
    math-intrinsics: "npm:^1.1.0"
  checksum: 10c0/b475dec9f8bff6f7422f51ff4b7b8d0b68e6776ee83a753c1d627e3008c3442090992788038b37eff72e93e43dceed8c1acbdf2d6751672687ec22127933080d
  languageName: node
  linkType: hard

"get-proto@npm:^1.0.0":
  version: 1.0.1
  resolution: "get-proto@npm:1.0.1"
  dependencies:
    dunder-proto: "npm:^1.0.1"
    es-object-atoms: "npm:^1.0.0"
  checksum: 10c0/9224acb44603c5526955e83510b9da41baf6ae73f7398875fba50edc5e944223a89c4a72b070fcd78beb5f7bdda58ecb6294adc28f7acfc0da05f76a2399643c
  languageName: node
  linkType: hard

"get-stdin@npm:^6.0.0":
  version: 6.0.0
  resolution: "get-stdin@npm:6.0.0"
  checksum: 10c0/c8971d27ffb72e4aae0f18ba792d2bfec872f662e98e13b182d8611a36f38396b79f43563884f597e667c7bb9ab98f337ee958ae278af5fa7c310ca62845e56b
  languageName: node
  linkType: hard

"git-config-path@npm:^1.0.1":
  version: 1.0.1
  resolution: "git-config-path@npm:1.0.1"
  dependencies:
    extend-shallow: "npm:^2.0.1"
    fs-exists-sync: "npm:^0.1.0"
    homedir-polyfill: "npm:^1.0.0"
  checksum: 10c0/6df4f72e001cc038f7eba7eb58816f15d424f4ad5ed363e0407f7c3063208447cb66003140ef98b36ac2c69bb7ce982b03bc4c9e257b5b7b695396908f1d186e
  languageName: node
  linkType: hard

"gopd@npm:^1.2.0":
  version: 1.2.0
  resolution: "gopd@npm:1.2.0"
  checksum: 10c0/50fff1e04ba2b7737c097358534eacadad1e68d24cccee3272e04e007bed008e68d2614f3987788428fd192a5ae3889d08fb2331417e4fc4a9ab366b2043cead
  languageName: node
  linkType: hard

"has-flag@npm:^2.0.0":
  version: 2.0.0
  resolution: "has-flag@npm:2.0.0"
  checksum: 10c0/5e1f136c7f801c2719048bedfabcf834a1ed46276cd4c98c6fcddb89a482f5d6a16df0771a38805cfc2d9010b4de157909e1a71b708e1d339b6e311041bde9b4
  languageName: node
  linkType: hard

"has-flag@npm:^3.0.0":
  version: 3.0.0
  resolution: "has-flag@npm:3.0.0"
  checksum: 10c0/1c6c83b14b8b1b3c25b0727b8ba3e3b647f99e9e6e13eb7322107261de07a4c1be56fc0d45678fc376e09772a3a1642ccdaf8fc69bdf123b6c086598397ce473
  languageName: node
  linkType: hard

"has-symbols@npm:^1.1.0":
  version: 1.1.0
  resolution: "has-symbols@npm:1.1.0"
  checksum: 10c0/dde0a734b17ae51e84b10986e651c664379018d10b91b6b0e9b293eddb32f0f069688c841fb40f19e9611546130153e0a2a48fd7f512891fb000ddfa36f5a20e
  languageName: node
  linkType: hard

"hasown@npm:^2.0.2":
  version: 2.0.2
  resolution: "hasown@npm:2.0.2"
  dependencies:
    function-bind: "npm:^1.1.2"
  checksum: 10c0/3769d434703b8ac66b209a4cca0737519925bbdb61dd887f93a16372b14694c63ff4e797686d87c90f08168e81082248b9b028bad60d4da9e0d1148766f56eb9
  languageName: node
  linkType: hard

"homedir-polyfill@npm:^1.0.0, homedir-polyfill@npm:^1.0.1":
  version: 1.0.3
  resolution: "homedir-polyfill@npm:1.0.3"
  dependencies:
    parse-passwd: "npm:^1.0.0"
  checksum: 10c0/3c099844f94b8b438f124bd5698bdcfef32b2d455115fb8050d7148e7f7b95fc89ba9922586c491f0e1cdebf437b1053c84ecddb8d596e109e9ac69c5b4a9e27
  languageName: node
  linkType: hard

"http-proxy-agent@npm:^5.0.0":
  version: 5.0.0
  resolution: "http-proxy-agent@npm:5.0.0"
  dependencies:
    "@tootallnate/once": "npm:2"
    agent-base: "npm:6"
    debug: "npm:4"
  checksum: 10c0/32a05e413430b2c1e542e5c74b38a9f14865301dd69dff2e53ddb684989440e3d2ce0c4b64d25eb63cf6283e6265ff979a61cf93e3ca3d23047ddfdc8df34a32
  languageName: node
  linkType: hard

"https-proxy-agent@npm:^5.0.1":
  version: 5.0.1
  resolution: "https-proxy-agent@npm:5.0.1"
  dependencies:
    agent-base: "npm:6"
    debug: "npm:4"
  checksum: 10c0/6dd639f03434003577c62b27cafdb864784ef19b2de430d8ae2a1d45e31c4fd60719e5637b44db1a88a046934307da7089e03d6089ec3ddacc1189d8de8897d1
  languageName: node
  linkType: hard

"hyperlinker@npm:^1.0.0":
  version: 1.0.0
  resolution: "hyperlinker@npm:1.0.0"
  checksum: 10c0/7b980f51611fb5efb62ad5aa3a8af9305b7fb0c203eb9d8915e24e96cdb43c5a4121e2d461bfd74cf47d4e01e39ce473700ea0e2353cb1f71758f94be37a44b0
  languageName: node
  linkType: hard

"ini@npm:^1.3.5":
  version: 1.3.8
  resolution: "ini@npm:1.3.8"
  checksum: 10c0/ec93838d2328b619532e4f1ff05df7909760b6f66d9c9e2ded11e5c1897d6f2f9980c54dd638f88654b00919ce31e827040631eab0a3969e4d1abefa0719516a
  languageName: node
  linkType: hard

"is-extendable@npm:^0.1.0":
  version: 0.1.1
  resolution: "is-extendable@npm:0.1.1"
  checksum: 10c0/dd5ca3994a28e1740d1e25192e66eed128e0b2ff161a7ea348e87ae4f616554b486854de423877a2a2c171d5f7cd6e8093b91f54533bc88a59ee1c9838c43879
  languageName: node
  linkType: hard

"is-number@npm:^7.0.0":
  version: 7.0.0
  resolution: "is-number@npm:7.0.0"
  checksum: 10c0/b4686d0d3053146095ccd45346461bc8e53b80aeb7671cc52a4de02dbbf7dc0d1d2a986e2fe4ae206984b4d34ef37e8b795ebc4f4295c978373e6575e295d811
  languageName: node
  linkType: hard

"is-plain-object@npm:^5.0.0":
  version: 5.0.0
  resolution: "is-plain-object@npm:5.0.0"
  checksum: 10c0/893e42bad832aae3511c71fd61c0bf61aa3a6d853061c62a307261842727d0d25f761ce9379f7ba7226d6179db2a3157efa918e7fe26360f3bf0842d9f28942c
  languageName: node
  linkType: hard

"json5@npm:^2.2.3":
  version: 2.2.3
  resolution: "json5@npm:2.2.3"
  bin:
    json5: lib/cli.js
  checksum: 10c0/5a04eed94810fa55c5ea138b2f7a5c12b97c3750bc63d11e511dcecbfef758003861522a070c2272764ee0f4e3e323862f386945aeb5b85b87ee43f084ba586c
  languageName: node
  linkType: hard

"jsonpointer@npm:^5.0.0":
  version: 5.0.1
  resolution: "jsonpointer@npm:5.0.1"
  checksum: 10c0/89929e58b400fcb96928c0504fcf4fc3f919d81e9543ceb055df125538470ee25290bb4984251e172e6ef8fcc55761eb998c118da763a82051ad89d4cb073fe7
  languageName: node
  linkType: hard

"jsonwebtoken@npm:^9.0.0":
  version: 9.0.2
  resolution: "jsonwebtoken@npm:9.0.2"
  dependencies:
    jws: "npm:^3.2.2"
    lodash.includes: "npm:^4.3.0"
    lodash.isboolean: "npm:^3.0.3"
    lodash.isinteger: "npm:^4.0.4"
    lodash.isnumber: "npm:^3.0.3"
    lodash.isplainobject: "npm:^4.0.6"
    lodash.isstring: "npm:^4.0.1"
    lodash.once: "npm:^4.0.0"
    ms: "npm:^2.1.1"
    semver: "npm:^7.5.4"
  checksum: 10c0/d287a29814895e866db2e5a0209ce730cbc158441a0e5a70d5e940eb0d28ab7498c6bf45029cc8b479639bca94056e9a7f254e2cdb92a2f5750c7f358657a131
  languageName: node
  linkType: hard

"jwa@npm:^1.4.1":
  version: 1.4.1
  resolution: "jwa@npm:1.4.1"
  dependencies:
    buffer-equal-constant-time: "npm:1.0.1"
    ecdsa-sig-formatter: "npm:1.0.11"
    safe-buffer: "npm:^5.0.1"
  checksum: 10c0/5c533540bf38702e73cf14765805a94027c66a0aa8b16bc3e89d8d905e61a4ce2791e87e21be97d1293a5ee9d4f3e5e47737e671768265ca4f25706db551d5e9
  languageName: node
  linkType: hard

"jws@npm:^3.2.2":
  version: 3.2.2
  resolution: "jws@npm:3.2.2"
  dependencies:
    jwa: "npm:^1.4.1"
    safe-buffer: "npm:^5.0.1"
  checksum: 10c0/e770704533d92df358adad7d1261fdecad4d7b66fa153ba80d047e03ca0f1f73007ce5ed3fbc04d2eba09ba6e7e6e645f351e08e5ab51614df1b0aa4f384dfff
  languageName: node
  linkType: hard

"lodash.find@npm:^4.6.0":
  version: 4.6.0
  resolution: "lodash.find@npm:4.6.0"
  checksum: 10c0/0238f3abc0b87aa441820ab0ab31a81156e1809a66285f454fbea18cbdf4d16572d504dd9e96c22df8a36b81d0272bca9205d09d217d61f9b53fa3358023377f
  languageName: node
  linkType: hard

"lodash.includes@npm:^4.3.0":
  version: 4.3.0
  resolution: "lodash.includes@npm:4.3.0"
  checksum: 10c0/7ca498b9b75bf602d04e48c0adb842dfc7d90f77bcb2a91a2b2be34a723ad24bc1c8b3683ec6b2552a90f216c723cdea530ddb11a3320e08fa38265703978f4b
  languageName: node
  linkType: hard

"lodash.isboolean@npm:^3.0.3":
  version: 3.0.3
  resolution: "lodash.isboolean@npm:3.0.3"
  checksum: 10c0/0aac604c1ef7e72f9a6b798e5b676606042401dd58e49f051df3cc1e3adb497b3d7695635a5cbec4ae5f66456b951fdabe7d6b387055f13267cde521f10ec7f7
  languageName: node
  linkType: hard

"lodash.isinteger@npm:^4.0.4":
  version: 4.0.4
  resolution: "lodash.isinteger@npm:4.0.4"
  checksum: 10c0/4c3e023a2373bf65bf366d3b8605b97ec830bca702a926939bcaa53f8e02789b6a176e7f166b082f9365bfec4121bfeb52e86e9040cb8d450e64c858583f61b7
  languageName: node
  linkType: hard

"lodash.isnumber@npm:^3.0.3":
  version: 3.0.3
  resolution: "lodash.isnumber@npm:3.0.3"
  checksum: 10c0/2d01530513a1ee4f72dd79528444db4e6360588adcb0e2ff663db2b3f642d4bb3d687051ae1115751ca9082db4fdef675160071226ca6bbf5f0c123dbf0aa12d
  languageName: node
  linkType: hard

"lodash.isobject@npm:^3.0.2":
  version: 3.0.2
  resolution: "lodash.isobject@npm:3.0.2"
  checksum: 10c0/da4c8480d98b16835b59380b2fbd43c54081acd9466febb788ba77c434384349e0bec162d1c4e89f613f21687b2b6d8384d8a112b80da00c78d28d9915a5cdde
  languageName: node
  linkType: hard

"lodash.isplainobject@npm:^4.0.6":
  version: 4.0.6
  resolution: "lodash.isplainobject@npm:4.0.6"
  checksum: 10c0/afd70b5c450d1e09f32a737bed06ff85b873ecd3d3d3400458725283e3f2e0bb6bf48e67dbe7a309eb371a822b16a26cca4a63c8c52db3fc7dc9d5f9dd324cbb
  languageName: node
  linkType: hard

"lodash.isstring@npm:^4.0.1":
  version: 4.0.1
  resolution: "lodash.isstring@npm:4.0.1"
  checksum: 10c0/09eaf980a283f9eef58ef95b30ec7fee61df4d6bf4aba3b5f096869cc58f24c9da17900febc8ffd67819b4e29de29793190e88dc96983db92d84c95fa85d1c92
  languageName: node
  linkType: hard

"lodash.keys@npm:^4.0.8":
  version: 4.2.0
  resolution: "lodash.keys@npm:4.2.0"
  checksum: 10c0/e21565d5076f4afc99e517d2b3dc84f05bc83e036f532c6e691c318f9ffd7eca3006365e0dafae1c5f046e344aaa722b01fe102b9f68e7cc63b79d2f9196f667
  languageName: node
  linkType: hard

"lodash.mapvalues@npm:^4.6.0":
  version: 4.6.0
  resolution: "lodash.mapvalues@npm:4.6.0"
  checksum: 10c0/a976bfc3923d4d8d2034e049ec4700e3aaf141a6143c973d06be3b2c87697923cd0158ee770484ad1af52dfed93ae90d2b76268413db95a42a2f46d7e1754828
  languageName: node
  linkType: hard

"lodash.memoize@npm:^4.1.2":
  version: 4.1.2
  resolution: "lodash.memoize@npm:4.1.2"
  checksum: 10c0/c8713e51eccc650422716a14cece1809cfe34bc5ab5e242b7f8b4e2241c2483697b971a604252807689b9dd69bfe3a98852e19a5b89d506b000b4187a1285df8
  languageName: node
  linkType: hard

"lodash.once@npm:^4.0.0":
  version: 4.1.1
  resolution: "lodash.once@npm:4.1.1"
  checksum: 10c0/46a9a0a66c45dd812fcc016e46605d85ad599fe87d71a02f6736220554b52ffbe82e79a483ad40f52a8a95755b0d1077fba259da8bfb6694a7abbf4a48f1fc04
  languageName: node
  linkType: hard

"math-intrinsics@npm:^1.1.0":
  version: 1.1.0
  resolution: "math-intrinsics@npm:1.1.0"
  checksum: 10c0/7579ff94e899e2f76ab64491d76cf606274c874d8f2af4a442c016bd85688927fcfca157ba6bf74b08e9439dc010b248ce05b96cc7c126a354c3bae7fcb48b7f
  languageName: node
  linkType: hard

"memfs-or-file-map-to-github-branch@npm:^1.2.1":
  version: 1.2.1
  resolution: "memfs-or-file-map-to-github-branch@npm:1.2.1"
  dependencies:
    "@octokit/rest": "npm:^16.43.0 || ^17.11.0 || ^18.12.0"
  checksum: 10c0/c89476d64cc45b95eafa311e2fa745f672a26471bfdab3cebd78921c885abc0f791b28104516955d78e30fbf761341838707da66630dba585cae165b70912afa
  languageName: node
  linkType: hard

"micromatch@npm:^4.0.4":
  version: 4.0.5
  resolution: "micromatch@npm:4.0.5"
  dependencies:
    braces: "npm:^3.0.2"
    picomatch: "npm:^2.3.1"
  checksum: 10c0/3d6505b20f9fa804af5d8c596cb1c5e475b9b0cd05f652c5b56141cf941bd72adaeb7a436fda344235cef93a7f29b7472efc779fcdb83b478eab0867b95cdeff
  languageName: node
  linkType: hard

"minimist@npm:^1.2.0":
  version: 1.2.7
  resolution: "minimist@npm:1.2.7"
  checksum: 10c0/8808da67ca50ee19ab2d69051d77ee78572e67297fd8a1635ecc757a15106ccdfb5b8c4d11d84750120142f1684e5329a141295728c755e5d149eedd73cc6572
  languageName: node
  linkType: hard

"ms@npm:2.1.2":
  version: 2.1.2
  resolution: "ms@npm:2.1.2"
  checksum: 10c0/a437714e2f90dbf881b5191d35a6db792efbca5badf112f87b9e1c712aace4b4b9b742dd6537f3edf90fd6f684de897cec230abde57e87883766712ddda297cc
  languageName: node
  linkType: hard

"ms@npm:^2.1.1":
  version: 2.1.3
  resolution: "ms@npm:2.1.3"
  checksum: 10c0/d924b57e7312b3b63ad21fc5b3dc0af5e78d61a1fc7cfb5457edaf26326bf62be5307cc87ffb6862ef1c2b33b0233cdb5d4f01c4c958cc0d660948b65a287a48
  languageName: node
  linkType: hard

"node-cleanup@npm:^2.1.2":
  version: 2.1.2
  resolution: "node-cleanup@npm:2.1.2"
  checksum: 10c0/c59077d7cac01f6315e4417e5d13523e43aa19965b14768581dbd06b37419323abe5f7171afe6aa52b7a483bdd0027e5a5f62a532a2ebec2a8c4cdf163736c92
  languageName: node
  linkType: hard

"node-fetch@npm:^2.6.7":
  version: 2.6.7
  resolution: "node-fetch@npm:2.6.7"
  dependencies:
    whatwg-url: "npm:^5.0.0"
  peerDependencies:
    encoding: ^0.1.0
  peerDependenciesMeta:
    encoding:
      optional: true
  checksum: 10c0/fcae80f5ac52fbf5012f5e19df2bd3915e67d3b3ad51cb5942943df2238d32ba15890fecabd0e166876a9f98a581ab50f3f10eb942b09405c49ef8da36b826c7
  languageName: node
  linkType: hard

"object-inspect@npm:^1.13.3":
  version: 1.13.4
  resolution: "object-inspect@npm:1.13.4"
  checksum: 10c0/d7f8711e803b96ea3191c745d6f8056ce1f2496e530e6a19a0e92d89b0fa3c76d910c31f0aa270432db6bd3b2f85500a376a83aaba849a8d518c8845b3211692
  languageName: node
  linkType: hard

"once@npm:^1.4.0":
  version: 1.4.0
  resolution: "once@npm:1.4.0"
  dependencies:
    wrappy: "npm:1"
  checksum: 10c0/5d48aca287dfefabd756621c5dfce5c91a549a93e9fdb7b8246bc4c4790aa2ec17b34a260530474635147aeb631a2dcc8b32c613df0675f96041cbb8244517d0
  languageName: node
  linkType: hard

"override-require@npm:^1.1.1":
  version: 1.1.1
  resolution: "override-require@npm:1.1.1"
  checksum: 10c0/1bc05ed3b4094ca3e930841b9f763ddabd13ed080f88df5c2884a86511aea54caadc472065297b9666e183b91d964921232aa863d26133c2f9c945b15926b6e7
  languageName: node
  linkType: hard

"p-limit@npm:^2.1.0":
  version: 2.3.0
  resolution: "p-limit@npm:2.3.0"
  dependencies:
    p-try: "npm:^2.0.0"
  checksum: 10c0/8da01ac53efe6a627080fafc127c873da40c18d87b3f5d5492d465bb85ec7207e153948df6b9cbaeb130be70152f874229b8242ee2be84c0794082510af97f12
  languageName: node
  linkType: hard

"p-try@npm:^2.0.0":
  version: 2.2.0
  resolution: "p-try@npm:2.2.0"
  checksum: 10c0/c36c19907734c904b16994e6535b02c36c2224d433e01a2f1ab777237f4d86e6289fd5fd464850491e940379d4606ed850c03e0f9ab600b0ebddb511312e177f
  languageName: node
  linkType: hard

"parse-diff@npm:^0.7.0":
  version: 0.7.1
  resolution: "parse-diff@npm:0.7.1"
  checksum: 10c0/5e1fa0fa06f2298693474e52de087f2eaed12f6d9bf594865698cd025f7a41e9df1d2d9767ace1b685b351b7febeb25a41615db865b80df7a89c6a9593928d33
  languageName: node
  linkType: hard

"parse-git-config@npm:^2.0.3":
  version: 2.0.3
  resolution: "parse-git-config@npm:2.0.3"
  dependencies:
    expand-tilde: "npm:^2.0.2"
    git-config-path: "npm:^1.0.1"
    ini: "npm:^1.3.5"
  checksum: 10c0/01abc359562453c5f28dca99dbdcb1331120db751663efc333446bb205985e5089f3d01e96719dd1290d648824051b109629c25a66506f16d45d7328e1f8157c
  languageName: node
  linkType: hard

"parse-github-url@npm:^1.0.2":
  version: 1.0.2
  resolution: "parse-github-url@npm:1.0.2"
  bin:
    parse-github-url: ./cli.js
  checksum: 10c0/3405b8812bc3e2c6baf49f859212e587237e17f5f886899e1c977bf53898a78f1b491341c6937beb892a0706354e44487defb387e12e5adcf3f18236408dd3dc
  languageName: node
  linkType: hard

"parse-link-header@npm:^2.0.0":
  version: 2.0.0
  resolution: "parse-link-header@npm:2.0.0"
  dependencies:
    xtend: "npm:~4.0.1"
  checksum: 10c0/7771922c4faeda9a00261cad3be5f25d4c2f940e21300c8f5ddf3b012d1a7bd82625cd08b926ff826905b9cb1e03056f222b550a4ba7d9e19404ad51fe52f68d
  languageName: node
  linkType: hard

"parse-passwd@npm:^1.0.0":
  version: 1.0.0
  resolution: "parse-passwd@npm:1.0.0"
  checksum: 10c0/1c05c05f95f184ab9ca604841d78e4fe3294d46b8e3641d305dcc28e930da0e14e602dbda9f3811cd48df5b0e2e27dbef7357bf0d7c40e41b18c11c3a8b8d17b
  languageName: node
  linkType: hard

"picomatch@npm:^2.3.1":
  version: 2.3.1
  resolution: "picomatch@npm:2.3.1"
  checksum: 10c0/26c02b8d06f03206fc2ab8d16f19960f2ff9e81a658f831ecb656d8f17d9edc799e8364b1f4a7873e89d9702dff96204be0fa26fe4181f6843f040f819dac4be
  languageName: node
  linkType: hard

"pinpoint@npm:^1.1.0":
  version: 1.1.0
  resolution: "pinpoint@npm:1.1.0"
  checksum: 10c0/d894d22dd8243623da11b550ee18a5a0aa6db6c3a33ba84b51f55a797257ffc251909d24964a44657a57e7d1b9c567bb4404ab56532f7bb0f9bcb3d9e6edaa2f
  languageName: node
  linkType: hard

"prettyjson@npm:^1.2.1":
  version: 1.2.5
  resolution: "prettyjson@npm:1.2.5"
  dependencies:
    colors: "npm:1.4.0"
    minimist: "npm:^1.2.0"
  bin:
    prettyjson: bin/prettyjson
  checksum: 10c0/94ea84205fc5103e32d562f515631c22440f7bcf4de5f5687522692e3f270bf4f450170857e098926adaec1b4ef33c9a8c97ae8911079a50fe7f584dd9ae5058
  languageName: node
  linkType: hard

"qs@npm:^6.11.1":
  version: 6.14.0
  resolution: "qs@npm:6.14.0"
  dependencies:
    side-channel: "npm:^1.1.0"
  checksum: 10c0/8ea5d91bf34f440598ee389d4a7d95820e3b837d3fd9f433871f7924801becaa0cd3b3b4628d49a7784d06a8aea9bc4554d2b6d8d584e2d221dc06238a42909c
  languageName: node
  linkType: hard

"readline-sync@npm:^1.4.9":
  version: 1.4.10
  resolution: "readline-sync@npm:1.4.10"
  checksum: 10c0/0a4d0fe4ad501f8f005a3c9cbf3cc0ae6ca2ced93e9a1c7c46f226bdfcb6ef5d3f437ae7e9d2e1098ee13524a3739c830e4c8dbc7f543a693eecd293e41093a3
  languageName: node
  linkType: hard

"regenerator-runtime@npm:^0.13.9":
  version: 0.13.11
  resolution: "regenerator-runtime@npm:0.13.11"
  checksum: 10c0/12b069dc774001fbb0014f6a28f11c09ebfe3c0d984d88c9bced77fdb6fedbacbca434d24da9ae9371bfbf23f754869307fb51a4c98a8b8b18e5ef748677ca24
  languageName: node
  linkType: hard

"require-from-string@npm:^2.0.2":
  version: 2.0.2
  resolution: "require-from-string@npm:2.0.2"
  checksum: 10c0/aaa267e0c5b022fc5fd4eef49d8285086b15f2a1c54b28240fdf03599cbd9c26049fee3eab894f2e1f6ca65e513b030a7c264201e3f005601e80c49fb2937ce2
  languageName: node
  linkType: hard

"retry@npm:0.12.0":
  version: 0.12.0
  resolution: "retry@npm:0.12.0"
  checksum: 10c0/59933e8501727ba13ad73ef4a04d5280b3717fd650408460c987392efe9d7be2040778ed8ebe933c5cbd63da3dcc37919c141ef8af0a54a6e4fca5a2af177bfe
  languageName: node
  linkType: hard

"root-workspace-0b6124@workspace:.":
  version: 0.0.0-use.local
  resolution: "root-workspace-0b6124@workspace:."
  dependencies:
    danger: "npm:12.3.4"
  languageName: unknown
  linkType: soft

"safe-buffer@npm:^5.0.1":
  version: 5.2.1
  resolution: "safe-buffer@npm:5.2.1"
  checksum: 10c0/6501914237c0a86e9675d4e51d89ca3c21ffd6a31642efeba25ad65720bce6921c9e7e974e5be91a786b25aa058b5303285d3c15dbabf983a919f5f630d349f3
  languageName: node
  linkType: hard

"semver@npm:^7.5.4":
  version: 7.7.1
  resolution: "semver@npm:7.7.1"
  bin:
    semver: bin/semver.js
  checksum: 10c0/fd603a6fb9c399c6054015433051bdbe7b99a940a8fb44b85c2b524c4004b023d7928d47cb22154f8d054ea7ee8597f586605e05b52047f048278e4ac56ae958
  languageName: node
  linkType: hard

"side-channel-list@npm:^1.0.0":
  version: 1.0.0
  resolution: "side-channel-list@npm:1.0.0"
  dependencies:
    es-errors: "npm:^1.3.0"
    object-inspect: "npm:^1.13.3"
  checksum: 10c0/644f4ac893456c9490ff388bf78aea9d333d5e5bfc64cfb84be8f04bf31ddc111a8d4b83b85d7e7e8a7b845bc185a9ad02c052d20e086983cf59f0be517d9b3d
  languageName: node
  linkType: hard

"side-channel-map@npm:^1.0.1":
  version: 1.0.1
  resolution: "side-channel-map@npm:1.0.1"
  dependencies:
    call-bound: "npm:^1.0.2"
    es-errors: "npm:^1.3.0"
    get-intrinsic: "npm:^1.2.5"
    object-inspect: "npm:^1.13.3"
  checksum: 10c0/010584e6444dd8a20b85bc926d934424bd809e1a3af941cace229f7fdcb751aada0fb7164f60c2e22292b7fa3c0ff0bce237081fd4cdbc80de1dc68e95430672
  languageName: node
  linkType: hard

"side-channel-weakmap@npm:^1.0.2":
  version: 1.0.2
  resolution: "side-channel-weakmap@npm:1.0.2"
  dependencies:
    call-bound: "npm:^1.0.2"
    es-errors: "npm:^1.3.0"
    get-intrinsic: "npm:^1.2.5"
    object-inspect: "npm:^1.13.3"
    side-channel-map: "npm:^1.0.1"
  checksum: 10c0/71362709ac233e08807ccd980101c3e2d7efe849edc51455030327b059f6c4d292c237f94dc0685031dd11c07dd17a68afde235d6cf2102d949567f98ab58185
  languageName: node
  linkType: hard

"side-channel@npm:^1.1.0":
  version: 1.1.0
  resolution: "side-channel@npm:1.1.0"
  dependencies:
    es-errors: "npm:^1.3.0"
    object-inspect: "npm:^1.13.3"
    side-channel-list: "npm:^1.0.0"
    side-channel-map: "npm:^1.0.1"
    side-channel-weakmap: "npm:^1.0.2"
  checksum: 10c0/cb20dad41eb032e6c24c0982e1e5a24963a28aa6122b4f05b3f3d6bf8ae7fd5474ef382c8f54a6a3ab86e0cac4d41a23bd64ede3970e5bfb50326ba02a7996e6
  languageName: node
  linkType: hard

"supports-color@npm:^5.0.0, supports-color@npm:^5.3.0":
  version: 5.5.0
  resolution: "supports-color@npm:5.5.0"
  dependencies:
    has-flag: "npm:^3.0.0"
  checksum: 10c0/6ae5ff319bfbb021f8a86da8ea1f8db52fac8bd4d499492e30ec17095b58af11f0c55f8577390a749b1c4dde691b6a0315dab78f5f54c9b3d83f8fb5905c1c05
  languageName: node
  linkType: hard

"supports-hyperlinks@npm:^1.0.1":
  version: 1.0.1
  resolution: "supports-hyperlinks@npm:1.0.1"
  dependencies:
    has-flag: "npm:^2.0.0"
    supports-color: "npm:^5.0.0"
  checksum: 10c0/eaeb849b430cc29f66a582b554520efa267014cd32d85efd1d87878e7dcd770312ff7957bd0fed899ab15ac136fb9e7a852fe9047488bc878a0e6ac1b2f47061
  languageName: node
  linkType: hard

"to-regex-range@npm:^5.0.1":
  version: 5.0.1
  resolution: "to-regex-range@npm:5.0.1"
  dependencies:
    is-number: "npm:^7.0.0"
  checksum: 10c0/487988b0a19c654ff3e1961b87f471702e708fa8a8dd02a298ef16da7206692e8552a0250e8b3e8759270f62e9d8314616f6da274734d3b558b1fc7b7724e892
  languageName: node
  linkType: hard

"tr46@npm:~0.0.3":
  version: 0.0.3
  resolution: "tr46@npm:0.0.3"
  checksum: 10c0/047cb209a6b60c742f05c9d3ace8fa510bff609995c129a37ace03476a9b12db4dbf975e74600830ef0796e18882b2381fb5fb1f6b4f96b832c374de3ab91a11
  languageName: node
  linkType: hard

"universal-user-agent@npm:^6.0.0":
  version: 6.0.0
  resolution: "universal-user-agent@npm:6.0.0"
  checksum: 10c0/ebeb0206963666c13bcf9ebc86d0577c7daed5870c05cd34d4972ee7a43b9ef20679baf2a8c83bf1b71d899bae67243ac4982d84ddaf9ba0355ff76595819961
  languageName: node
  linkType: hard

"webidl-conversions@npm:^3.0.0":
  version: 3.0.1
  resolution: "webidl-conversions@npm:3.0.1"
  checksum: 10c0/5612d5f3e54760a797052eb4927f0ddc01383550f542ccd33d5238cfd65aeed392a45ad38364970d0a0f4fea32e1f4d231b3d8dac4a3bdd385e5cf802ae097db
  languageName: node
  linkType: hard

"whatwg-url@npm:^5.0.0":
  version: 5.0.0
  resolution: "whatwg-url@npm:5.0.0"
  dependencies:
    tr46: "npm:~0.0.3"
    webidl-conversions: "npm:^3.0.0"
  checksum: 10c0/1588bed84d10b72d5eec1d0faa0722ba1962f1821e7539c535558fb5398d223b0c50d8acab950b8c488b4ba69043fd833cc2697056b167d8ad46fac3995a55d5
  languageName: node
  linkType: hard

"wrappy@npm:1":
  version: 1.0.2
  resolution: "wrappy@npm:1.0.2"
  checksum: 10c0/56fece1a4018c6a6c8e28fbc88c87e0fbf4ea8fd64fc6c63b18f4acc4bd13e0ad2515189786dd2c30d3eec9663d70f4ecf699330002f8ccb547e4a18231fc9f0
  languageName: node
  linkType: hard

"xcase@npm:^2.0.1":
  version: 2.0.1
  resolution: "xcase@npm:2.0.1"
  checksum: 10c0/11b8ae8f6734b29d442a5acf1dff3a896cabbf49e7ffa01472ff6fa687a6e6f6a25889d06c10a41950e7a90fe89239fa78d95eab0c5eb654ca75f0ccd71ba8ed
  languageName: node
  linkType: hard

"xtend@npm:~4.0.1":
  version: 4.0.2
  resolution: "xtend@npm:4.0.2"
  checksum: 10c0/366ae4783eec6100f8a02dff02ac907bf29f9a00b82ac0264b4d8b832ead18306797e283cf19de776538babfdcb2101375ec5646b59f08c52128ac4ab812ed0e
  languageName: node
  linkType: hard
