# This file is generated by running "yarn install" inside your project.
# Manual changes might be lost - proceed with caution!

__metadata:
  version: 8
  cacheKey: 10c0

"@gitbeaker/core@npm:^38.12.1":
  version: 38.12.1
  resolution: "@gitbeaker/core@npm:38.12.1"
  dependencies:
    "@gitbeaker/requester-utils": "npm:^38.12.1"
    qs: "npm:^6.11.1"
    xcase: "npm:^2.0.1"
  checksum: 10c0/9cc6d6e25c4ca48a86ef55873b6589323d41b8c5dd2a130abf08f213ae6f80a2caab975d1efd7f83d382a78584f218e48ec846c4b29194a97ad51768d7a4af80
  languageName: node
  linkType: hard

"@gitbeaker/requester-utils@npm:^38.12.1":
  version: 38.12.1
  resolution: "@gitbeaker/requester-utils@npm:38.12.1"
  dependencies:
    qs: "npm:^6.11.1"
    xcase: "npm:^2.0.1"
  checksum: 10c0/b253c91726f19d9e73d872c0a1a5c0a3e890ca388c3a23a8e694996f5988e93d261ce580fc0dc891cff2c6d7dde7c35ac16bd93331a68106ac6a471fe437d1e6
  languageName: node
  linkType: hard

"@gitbeaker/rest@npm:^38.0.0":
  version: 38.12.1
  resolution: "@gitbeaker/rest@npm:38.12.1"
  dependencies:
    "@gitbeaker/core": "npm:^38.12.1"
    "@gitbeaker/requester-utils": "npm:^38.12.1"
  checksum: 10c0/a4ba82ff5eb941a8d9ec7260329955b06e20aa12aaa814fede09c1fdeca00affae1513b5ccf0a24b69a5fae25b4a95f5fd1cc77918913ed1aa7ca887185362b7
  languageName: node
  linkType: hard

"@octokit/auth-token@npm:^4.0.0":
  version: 4.0.0
  resolution: "@octokit/auth-token@npm:4.0.0"
  checksum: 10c0/57acaa6c394c5abab2f74e8e1dcf4e7a16b236f713c77a54b8f08e2d14114de94b37946259e33ec2aab0566b26f724c2b71d2602352b59e541a9854897618f3c
  languageName: node
  linkType: hard

"@octokit/auth-token@npm:^6.0.0":
  version: 6.0.0
  resolution: "@octokit/auth-token@npm:6.0.0"
  checksum: 10c0/32ecc904c5f6f4e5d090bfcc679d70318690c0a0b5040cd9a25811ad9dcd44c33f2cf96b6dbee1cd56cf58fde28fb1819c01b58718aa5c971f79c822357cb5c0
  languageName: node
  linkType: hard

"@octokit/core@npm:^5.0.2":
  version: 5.2.2
  resolution: "@octokit/core@npm:5.2.2"
  dependencies:
    "@octokit/auth-token": "npm:^4.0.0"
    "@octokit/graphql": "npm:^7.1.0"
    "@octokit/request": "npm:^8.4.1"
    "@octokit/request-error": "npm:^5.1.1"
    "@octokit/types": "npm:^13.0.0"
    before-after-hook: "npm:^2.2.0"
    universal-user-agent: "npm:^6.0.0"
  checksum: 10c0/b4484d85552303b839613e2133dcd064fa06a7c10fe0ebd11ba8f67cb8e3384e48983c589f4d1dc0fa3754857784e3d90ff4eab9782e118baf13ddd1b834957c
  languageName: node
  linkType: hard

"@octokit/core@npm:^7.0.6":
  version: 7.0.8
  resolution: "@octokit/core@npm:7.0.8"
  dependencies:
    "@octokit/auth-token": "npm:^6.0.0"
    "@octokit/graphql": "npm:^9.0.5"
    "@octokit/request": "npm:^10.0.16"
    "@octokit/request-error": "npm:^7.1.2"
    "@octokit/types": "npm:^18.0.0"
    before-after-hook: "npm:^4.0.0"
    universal-user-agent: "npm:^7.0.0"
  checksum: 10c0/d8723f3960952b845d12d749441768eae6be1f954cc9a950ae8755209b45a9c0a5413c2c1e706b5eafc5bfad70a0c0140f78797149b8464f54544f2fe7c8c383
  languageName: node
  linkType: hard

"@octokit/endpoint@npm:^11.0.5":
  version: 11.0.5
  resolution: "@octokit/endpoint@npm:11.0.5"
  dependencies:
    "@octokit/types": "npm:^18.0.0"
    universal-user-agent: "npm:^7.0.2"
  checksum: 10c0/f74fb1ecffbc544c6164ce0fdcdc9e2d85d504b515a556cc5eb7f046a8e99cb1f70c89cd9107cb81dac2110da07a72de30388af91472e2e43f84a4e79ab6e70e
  languageName: node
  linkType: hard

"@octokit/endpoint@npm:^9.0.6":
  version: 9.0.6
  resolution: "@octokit/endpoint@npm:9.0.6"
  dependencies:
    "@octokit/types": "npm:^13.1.0"
    universal-user-agent: "npm:^6.0.0"
  checksum: 10c0/8e06197b21869aeb498e0315093ca6fbee12bd1bdcfc1667fcd7d79d827d84f2c5a30702ffd28bba7879780e367d14c30df5b20d47fcaed5de5fdc05f5d4e013
  languageName: node
  linkType: hard

"@octokit/graphql@npm:^7.1.0":
  version: 7.1.1
  resolution: "@octokit/graphql@npm:7.1.1"
  dependencies:
    "@octokit/request": "npm:^8.4.1"
    "@octokit/types": "npm:^13.0.0"
    universal-user-agent: "npm:^6.0.0"
  checksum: 10c0/c27216200f3f4ce7ce2a694fb7ea43f8ea4a807fbee3a423c41ed137dd7948dfc0bbf6ea1656f029a7625c84b583acdef740a7032266d0eff55305c91c3a1ed6
  languageName: node
  linkType: hard

"@octokit/graphql@npm:^9.0.5":
  version: 9.0.5
  resolution: "@octokit/graphql@npm:9.0.5"
  dependencies:
    "@octokit/request": "npm:^10.0.16"
    "@octokit/types": "npm:^18.0.0"
    universal-user-agent: "npm:^7.0.0"
  checksum: 10c0/3152b815dd15f16df460931f4cdc4bbd534751dec391557600d5215916a60184d1c578a707de165089b9c3607581191ae9ec401f896b04242082882178e69a14
  languageName: node
  linkType: hard

"@octokit/openapi-types@npm:^24.2.0":
  version: 24.2.0
  resolution: "@octokit/openapi-types@npm:24.2.0"
  checksum: 10c0/8f47918b35e9b7f6109be6f7c8fc3a64ad13a48233112b29e92559e64a564b810eb3ebf81b4cd0af1bb2989d27b9b95cca96e841ec4e23a3f68703cefe62fd9e
  languageName: node
  linkType: hard

"@octokit/openapi-types@npm:^27.0.0":
  version: 27.0.0
  resolution: "@octokit/openapi-types@npm:27.0.0"
  checksum: 10c0/602d1de033da180a2e982cdbd3646bd5b2e16ecf36b9955a0f23e37ae9e6cb086abb48ff2ae6f2de000fce03e8ae9051794611ae4a95a8f5f6fb63276e7b8e31
  languageName: node
  linkType: hard

"@octokit/openapi-types@npm:^29.0.1":
  version: 29.0.1
  resolution: "@octokit/openapi-types@npm:29.0.1"
  checksum: 10c0/1f1550a7877bb23584396a976d3f3b71c8496a86c135072050ff7ddfc0cd816804373ccc233bafab3a31a0178114e2599846cf54416f32f310712fc05699c5f7
  languageName: node
  linkType: hard

"@octokit/plugin-paginate-rest@npm:11.4.4-cjs.2":
  version: 11.4.4-cjs.2
  resolution: "@octokit/plugin-paginate-rest@npm:11.4.4-cjs.2"
  dependencies:
    "@octokit/types": "npm:^13.7.0"
  peerDependencies:
    "@octokit/core": 5
  checksum: 10c0/1d61a63c98a18c171bccdc6cf63ffe279fe852e8bdc9db6647ffcb27f4ea485fdab78fb71b552ed0f2186785cf5264f8ed3f9a8f33061e4697b5f73b097accb1
  languageName: node
  linkType: hard

"@octokit/plugin-paginate-rest@npm:^14.0.0":
  version: 14.0.0
  resolution: "@octokit/plugin-paginate-rest@npm:14.0.0"
  dependencies:
    "@octokit/types": "npm:^16.0.0"
  peerDependencies:
    "@octokit/core": ">=6"
  checksum: 10c0/841d79d4ccfe18fc809a4a67529b75c1dcdda13399bf4bf5b48ce7559c8b4b2cd422e3204bad4cbdea31c0cf0943521067415268e5bcfc615a3b813e058cad6b
  languageName: node
  linkType: hard

"@octokit/plugin-request-log@npm:^4.0.0":
  version: 4.0.1
  resolution: "@octokit/plugin-request-log@npm:4.0.1"
  peerDependencies:
    "@octokit/core": 5
  checksum: 10c0/6f556f86258c5fbff9b1821075dc91137b7499f2ad0fd12391f0876064a6daa88abe1748336b2d483516505771d358aa15cb4bcdabc348a79e3d951fe9726798
  languageName: node
  linkType: hard

"@octokit/plugin-request-log@npm:^6.0.0":
  version: 6.0.0
  resolution: "@octokit/plugin-request-log@npm:6.0.0"
  peerDependencies:
    "@octokit/core": ">=6"
  checksum: 10c0/40e46ad0c77235742d0bf698ab4e17df1ae06e0d7824ffc5867ed71e27de860875adb73d89629b823fe8647459a8f262c26ed1aa6ee374873fa94095f37df0bb
  languageName: node
  linkType: hard

"@octokit/plugin-rest-endpoint-methods@npm:13.3.2-cjs.1":
  version: 13.3.2-cjs.1
  resolution: "@octokit/plugin-rest-endpoint-methods@npm:13.3.2-cjs.1"
  dependencies:
    "@octokit/types": "npm:^13.8.0"
  peerDependencies:
    "@octokit/core": ^5
  checksum: 10c0/810fe5cb1861386746bf0218ea969d87c56e553ff339490526483b4b66f53c4b4c6092034bec30c5d453172eb6f33e75b5748ade1b401b76774b5a994e2c10b0
  languageName: node
  linkType: hard

"@octokit/plugin-rest-endpoint-methods@npm:^17.0.0":
  version: 17.0.0
  resolution: "@octokit/plugin-rest-endpoint-methods@npm:17.0.0"
  dependencies:
    "@octokit/types": "npm:^16.0.0"
  peerDependencies:
    "@octokit/core": ">=6"
  checksum: 10c0/cf9984d7cf6a36ff7ff1b86078ae45fe246e3df10fcef0bccf20c8cfd27bf5e7d98dcb9cf5a7b56332b9c6fa30be28d159c2987d272a4758f77056903d94402f
  languageName: node
  linkType: hard

"@octokit/request-error@npm:^5.1.1":
  version: 5.1.1
  resolution: "@octokit/request-error@npm:5.1.1"
  dependencies:
    "@octokit/types": "npm:^13.1.0"
    deprecation: "npm:^2.0.0"
    once: "npm:^1.4.0"
  checksum: 10c0/dc9fc76ea5e4199273e4665ce9ddf345fe8f25578d9999c9a16f276298e61ee6fe0e6f5a6147b91ba3b34fdf5b9e6b7af6ae13d6333175e95b30c574088f7a2d
  languageName: node
  linkType: hard

"@octokit/request-error@npm:^7.1.2":
  version: 7.1.2
  resolution: "@octokit/request-error@npm:7.1.2"
  dependencies:
    "@octokit/types": "npm:^18.0.0"
  checksum: 10c0/89bb7005ee1cc7b52d1e4546ae9636d9af1dfcf1bee716d06106a4a58ac605845427b4552de816dee15c82a7bcafc1e36e683186789dfa05485eeb13cb4cc176
  languageName: node
  linkType: hard

"@octokit/request@npm:^10.0.16":
  version: 10.0.16
  resolution: "@octokit/request@npm:10.0.16"
  dependencies:
    "@octokit/endpoint": "npm:^11.0.5"
    "@octokit/request-error": "npm:^7.1.2"
    "@octokit/types": "npm:^18.0.0"
    content-type: "npm:^3.0.0"
    json-with-bigint: "npm:^3.5.12"
    universal-user-agent: "npm:^7.0.2"
  checksum: 10c0/db3f1d1ab32f2238889c07ac2d0e4d9ec39afa7614a6c19e15136bad12118c4b538ccfb6a013c89ba8d1074da13efe8bb489d0557bce6cc7d5894587a7beded6
  languageName: node
  linkType: hard

"@octokit/request@npm:^8.4.1":
  version: 8.4.1
  resolution: "@octokit/request@npm:8.4.1"
  dependencies:
    "@octokit/endpoint": "npm:^9.0.6"
    "@octokit/request-error": "npm:^5.1.1"
    "@octokit/types": "npm:^13.1.0"
    universal-user-agent: "npm:^6.0.0"
  checksum: 10c0/1a69dcb7336de708a296db9e9a58040e5b284a87495a63112f80eb0007da3fc96a9fadecb9e875fc63cf179c23a0f81031fbef2a6f610a219e45805ead03fcf3
  languageName: node
  linkType: hard

"@octokit/rest@npm:*":
  version: 22.0.1
  resolution: "@octokit/rest@npm:22.0.1"
  dependencies:
    "@octokit/core": "npm:^7.0.6"
    "@octokit/plugin-paginate-rest": "npm:^14.0.0"
    "@octokit/plugin-request-log": "npm:^6.0.0"
    "@octokit/plugin-rest-endpoint-methods": "npm:^17.0.0"
  checksum: 10c0/f3abd84e887cc837973214ce70720a9bba53f5575f40601c6122aa25206e9055d859c0388437f0a137f6cd0e4ff405e1b46b903475b0db32a17bada0c6513d5b
  languageName: node
  linkType: hard

"@octokit/rest@npm:^20.1.2":
  version: 20.1.2
  resolution: "@octokit/rest@npm:20.1.2"
  dependencies:
    "@octokit/core": "npm:^5.0.2"
    "@octokit/plugin-paginate-rest": "npm:11.4.4-cjs.2"
    "@octokit/plugin-request-log": "npm:^4.0.0"
    "@octokit/plugin-rest-endpoint-methods": "npm:13.3.2-cjs.1"
  checksum: 10c0/712e08c43c7af37c5c219f95ae289b3ac2646270be4e8a7141fa2aa9340ed8f7134f117c9467e89206c5a9797c49c8d2c039b884d4865bb3bde91bc5adb3c38c
  languageName: node
  linkType: hard

"@octokit/types@npm:^13.0.0, @octokit/types@npm:^13.1.0, @octokit/types@npm:^13.7.0, @octokit/types@npm:^13.8.0":
  version: 13.10.0
  resolution: "@octokit/types@npm:13.10.0"
  dependencies:
    "@octokit/openapi-types": "npm:^24.2.0"
  checksum: 10c0/f66a401b89d653ec28e5c1529abdb7965752db4d9d40fa54c80e900af4c6bf944af6bd0a83f5b4f1eecb72e3d646899dfb27ffcf272ac243552de7e3b97a038d
  languageName: node
  linkType: hard

"@octokit/types@npm:^16.0.0":
  version: 16.0.0
  resolution: "@octokit/types@npm:16.0.0"
  dependencies:
    "@octokit/openapi-types": "npm:^27.0.0"
  checksum: 10c0/b8d41098ba6fc194d13d641f9441347e3a3b96c0efabac0e14f57319340a2d4d1c8676e4cb37ab3062c5c323c617e790b0126916e9bf7b201b0cced0826f8ae2
  languageName: node
  linkType: hard

"@octokit/types@npm:^18.0.0":
  version: 18.0.0
  resolution: "@octokit/types@npm:18.0.0"
  dependencies:
    "@octokit/openapi-types": "npm:^29.0.1"
  checksum: 10c0/d7336d2a4176684820388a6c6cf5bc8249672fad1f81f641c6ac30d2da123c0475fb752d3b16edf7cd3715e8fb01d3765c0e2f7ed724a6fbf7f84a1becd04bb5
  languageName: node
  linkType: hard

"ansi-styles@npm:^4.1.0":
  version: 4.3.0
  resolution: "ansi-styles@npm:4.3.0"
  dependencies:
    color-convert: "npm:^2.0.1"
  checksum: 10c0/895a23929da416f2bd3de7e9cb4eabd340949328ab85ddd6e484a637d8f6820d485f53933446f5291c3b760cbc488beb8e88573dd0f9c7daf83dccc8fe81b041
  languageName: node
  linkType: hard

"async-retry@npm:1.2.3":
  version: 1.2.3
  resolution: "async-retry@npm:1.2.3"
  dependencies:
    retry: "npm:0.12.0"
  checksum: 10c0/ab460b431f53aa1b066c571a779776f10f9f2759d2764a1ab4f4dc6246b22f8cef15b26cbe2b5b9222149031b6f0a63fa32dfa2c9359069c7be3391528ddf961
  languageName: node
  linkType: hard

"before-after-hook@npm:^2.2.0":
  version: 2.2.3
  resolution: "before-after-hook@npm:2.2.3"
  checksum: 10c0/0488c4ae12df758ca9d49b3bb27b47fd559677965c52cae7b335784724fb8bf96c42b6e5ba7d7afcbc31facb0e294c3ef717cc41c5bc2f7bd9e76f8b90acd31c
  languageName: node
  linkType: hard

"before-after-hook@npm:^4.0.0":
  version: 4.0.0
  resolution: "before-after-hook@npm:4.0.0"
  checksum: 10c0/9f8ae8d1b06142bcfb9ef6625226b5e50348bb11210f266660eddcf9734e0db6f9afc4cb48397ee3f5ac0a3728f3ae401cdeea88413f7bed748a71db84657be2
  languageName: node
  linkType: hard

"braces@npm:^3.0.2":
  version: 3.0.2
  resolution: "braces@npm:3.0.2"
  dependencies:
    fill-range: "npm:^7.0.1"
  checksum: 10c0/321b4d675791479293264019156ca322163f02dc06e3c4cab33bb15cd43d80b51efef69b0930cfde3acd63d126ebca24cd0544fa6f261e093a0fb41ab9dda381
  languageName: node
  linkType: hard

"call-bind-apply-helpers@npm:^1.0.1":
  version: 1.0.2
  resolution: "call-bind-apply-helpers@npm:1.0.2"
  dependencies:
    es-errors: "npm:^1.3.0"
    function-bind: "npm:^1.1.2"
  checksum: 10c0/47bd9901d57b857590431243fea704ff18078b16890a6b3e021e12d279bbf211d039155e27d7566b374d49ee1f8189344bac9833dec7a20cdec370506361c938
  languageName: node
  linkType: hard

"call-bound@npm:^1.0.2":
  version: 1.0.3
  resolution: "call-bound@npm:1.0.3"
  dependencies:
    call-bind-apply-helpers: "npm:^1.0.1"
    get-intrinsic: "npm:^1.2.6"
  checksum: 10c0/45257b8e7621067304b30dbd638e856cac913d31e8e00a80d6cf172911acd057846572d0b256b45e652d515db6601e2974a1b1a040e91b4fc36fb3dd86fa69cf
  languageName: node
  linkType: hard

"chalk@npm:^4.1.2":
  version: 4.1.2
  resolution: "chalk@npm:4.1.2"
  dependencies:
    ansi-styles: "npm:^4.1.0"
    supports-color: "npm:^7.1.0"
  checksum: 10c0/4a3fef5cc34975c898ffe77141450f679721df9dde00f6c304353fa9c8b571929123b26a0e4617bde5018977eb655b31970c297b91b63ee83bb82aeb04666880
  languageName: node
  linkType: hard

"color-convert@npm:^2.0.1":
  version: 2.0.1
  resolution: "color-convert@npm:2.0.1"
  dependencies:
    color-name: "npm:~1.1.4"
  checksum: 10c0/37e1150172f2e311fe1b2df62c6293a342ee7380da7b9cfdba67ea539909afbd74da27033208d01d6d5cfc65ee7868a22e18d7e7648e004425441c0f8a15a7d7
  languageName: node
  linkType: hard

"color-name@npm:~1.1.4":
  version: 1.1.4
  resolution: "color-name@npm:1.1.4"
  checksum: 10c0/a1a3f914156960902f46f7f56bc62effc6c94e84b2cae157a526b1c1f74b677a47ec602bf68a61abfa2b42d15b7c5651c6dbe72a43af720bc588dff885b10f95
  languageName: node
  linkType: hard

"colors@npm:1.4.0":
  version: 1.4.0
  resolution: "colors@npm:1.4.0"
  checksum: 10c0/9af357c019da3c5a098a301cf64e3799d27549d8f185d86f79af23069e4f4303110d115da98483519331f6fb71c8568d5688fa1c6523600044fd4a54e97c4efb
  languageName: node
  linkType: hard

"commander@npm:^2.18.0":
  version: 2.20.3
  resolution: "commander@npm:2.20.3"
  checksum: 10c0/74c781a5248c2402a0a3e966a0a2bba3c054aad144f5c023364be83265e796b20565aa9feff624132ff629aa64e16999fa40a743c10c12f7c61e96a794b99288
  languageName: node
  linkType: hard

"content-type@npm:^3.0.0":
  version: 3.0.0
  resolution: "content-type@npm:3.0.0"
  checksum: 10c0/4ecb17b151ef272fe3143d2414b78edeea9c7baa45724e2bbcbfc0dbd4bbc5b68d654733df6df2d9c600016af841a25aa26b0a4d290e366b5120705796072d98
  languageName: node
  linkType: hard

"core-js@npm:^3.8.2":
  version: 3.27.1
  resolution: "core-js@npm:3.27.1"
  checksum: 10c0/39bb23f4ab38df2b51f0967b5e398759565e38a92540019a9c2ee7e747b4c833296ef139c8be9db3e16024c450eff1d09be43c3c5c26e0547a004866fe86dadb
  languageName: node
  linkType: hard

"danger@npm:14.0.7":
  version: 14.0.7
  resolution: "danger@npm:14.0.7"
  dependencies:
    "@gitbeaker/rest": "npm:^38.0.0"
    "@octokit/rest": "npm:^20.1.2"
    async-retry: "npm:1.2.3"
    chalk: "npm:^4.1.2"
    commander: "npm:^2.18.0"
    core-js: "npm:^3.8.2"
    debug: "npm:^4.1.1"
    fast-json-patch: "npm:^3.0.0-1"
    hyperlinker: "npm:^1.0.0"
    ini: "npm:^5.0.0"
    json5: "npm:^2.2.3"
    jsonpointer: "npm:^5.0.0"
    lodash.includes: "npm:^4.3.0"
    lodash.isobject: "npm:^3.0.2"
    lodash.mapvalues: "npm:^4.6.0"
    lodash.memoize: "npm:^4.1.2"
    memfs-or-file-map-to-github-branch: "npm:^1.3.0"
    micromatch: "npm:^4.0.4"
    node-cleanup: "npm:^2.1.2"
    override-require: "npm:^1.1.1"
    parse-diff: "npm:^0.7.0"
    parse-github-url: "npm:^1.0.2"
    parse-link-header: "npm:^2.0.0"
    pinpoint: "npm:^1.1.0"
    prettyjson: "npm:^1.2.1"
    readline-sync: "npm:^1.4.9"
    regenerator-runtime: "npm:^0.13.9"
    require-from-string: "npm:^2.0.2"
    supports-hyperlinks: "npm:^4.3.0"
    undici: "npm:^7.16.0"
  peerDependencies:
    undici: ^6.28.0 || ^7
  peerDependenciesMeta:
    undici:
      optional: true
  bin:
    danger: distribution/commands/danger.js
    danger-ci: distribution/commands/danger-ci.js
    danger-init: distribution/commands/danger-init.js
    danger-js: distribution/commands/danger.js
    danger-local: distribution/commands/danger-local.js
    danger-pr: distribution/commands/danger-pr.js
    danger-process: distribution/commands/danger-process.js
    danger-reset-status: distribution/commands/danger-reset-status.js
    danger-runner: distribution/commands/danger-runner.js
  checksum: 10c0/607df55c3fe313834a835387a850dcbd2d2262507936c9dd004dfe117c17e7c2b7d388e1d75a934fbf353267d7303dec0390acd3ad6a00dfe9861fba573db368
  languageName: node
  linkType: hard

"debug@npm:^4.1.1":
  version: 4.3.4
  resolution: "debug@npm:4.3.4"
  dependencies:
    ms: "npm:2.1.2"
  peerDependenciesMeta:
    supports-color:
      optional: true
  checksum: 10c0/cedbec45298dd5c501d01b92b119cd3faebe5438c3917ff11ae1bff86a6c722930ac9c8659792824013168ba6db7c4668225d845c633fbdafbbf902a6389f736
  languageName: node
  linkType: hard

"deprecation@npm:^2.0.0":
  version: 2.3.1
  resolution: "deprecation@npm:2.3.1"
  checksum: 10c0/23d688ba66b74d09b908c40a76179418acbeeb0bfdf218c8075c58ad8d0c315130cb91aa3dffb623aa3a411a3569ce56c6460de6c8d69071c17fe6dd2442f032
  languageName: node
  linkType: hard

"dunder-proto@npm:^1.0.1":
  version: 1.0.1
  resolution: "dunder-proto@npm:1.0.1"
  dependencies:
    call-bind-apply-helpers: "npm:^1.0.1"
    es-errors: "npm:^1.3.0"
    gopd: "npm:^1.2.0"
  checksum: 10c0/199f2a0c1c16593ca0a145dbf76a962f8033ce3129f01284d48c45ed4e14fea9bbacd7b3610b6cdc33486cef20385ac054948fefc6272fcce645c09468f93031
  languageName: node
  linkType: hard

"es-define-property@npm:^1.0.1":
  version: 1.0.1
  resolution: "es-define-property@npm:1.0.1"
  checksum: 10c0/3f54eb49c16c18707949ff25a1456728c883e81259f045003499efba399c08bad00deebf65cccde8c0e07908c1a225c9d472b7107e558f2a48e28d530e34527c
  languageName: node
  linkType: hard

"es-errors@npm:^1.3.0":
  version: 1.3.0
  resolution: "es-errors@npm:1.3.0"
  checksum: 10c0/0a61325670072f98d8ae3b914edab3559b6caa980f08054a3b872052640d91da01d38df55df797fcc916389d77fc92b8d5906cf028f4db46d7e3003abecbca85
  languageName: node
  linkType: hard

"es-object-atoms@npm:^1.0.0":
  version: 1.1.1
  resolution: "es-object-atoms@npm:1.1.1"
  dependencies:
    es-errors: "npm:^1.3.0"
  checksum: 10c0/65364812ca4daf48eb76e2a3b7a89b3f6a2e62a1c420766ce9f692665a29d94fe41fe88b65f24106f449859549711e4b40d9fb8002d862dfd7eb1c512d10be0c
  languageName: node
  linkType: hard

"fast-json-patch@npm:^3.0.0-1":
  version: 3.1.1
  resolution: "fast-json-patch@npm:3.1.1"
  checksum: 10c0/8a0438b4818bb53153275fe5b38033610e8c9d9eb11869e6a7dc05eb92fa70f3caa57015e344eb3ae1e71c7a75ad4cc6bc2dc9e0ff281d6ed8ecd44505210ca8
  languageName: node
  linkType: hard

"fill-range@npm:^7.0.1":
  version: 7.0.1
  resolution: "fill-range@npm:7.0.1"
  dependencies:
    to-regex-range: "npm:^5.0.1"
  checksum: 10c0/7cdad7d426ffbaadf45aeb5d15ec675bbd77f7597ad5399e3d2766987ed20bda24d5fac64b3ee79d93276f5865608bb22344a26b9b1ae6c4d00bd94bf611623f
  languageName: node
  linkType: hard

"function-bind@npm:^1.1.2":
  version: 1.1.2
  resolution: "function-bind@npm:1.1.2"
  checksum: 10c0/d8680ee1e5fcd4c197e4ac33b2b4dce03c71f4d91717292785703db200f5c21f977c568d28061226f9b5900cbcd2c84463646134fd5337e7925e0942bc3f46d5
  languageName: node
  linkType: hard

"get-intrinsic@npm:^1.2.5, get-intrinsic@npm:^1.2.6":
  version: 1.2.7
  resolution: "get-intrinsic@npm:1.2.7"
  dependencies:
    call-bind-apply-helpers: "npm:^1.0.1"
    es-define-property: "npm:^1.0.1"
    es-errors: "npm:^1.3.0"
    es-object-atoms: "npm:^1.0.0"
    function-bind: "npm:^1.1.2"
    get-proto: "npm:^1.0.0"
    gopd: "npm:^1.2.0"
    has-symbols: "npm:^1.1.0"
    hasown: "npm:^2.0.2"
    math-intrinsics: "npm:^1.1.0"
  checksum: 10c0/b475dec9f8bff6f7422f51ff4b7b8d0b68e6776ee83a753c1d627e3008c3442090992788038b37eff72e93e43dceed8c1acbdf2d6751672687ec22127933080d
  languageName: node
  linkType: hard

"get-proto@npm:^1.0.0":
  version: 1.0.1
  resolution: "get-proto@npm:1.0.1"
  dependencies:
    dunder-proto: "npm:^1.0.1"
    es-object-atoms: "npm:^1.0.0"
  checksum: 10c0/9224acb44603c5526955e83510b9da41baf6ae73f7398875fba50edc5e944223a89c4a72b070fcd78beb5f7bdda58ecb6294adc28f7acfc0da05f76a2399643c
  languageName: node
  linkType: hard

"gopd@npm:^1.2.0":
  version: 1.2.0
  resolution: "gopd@npm:1.2.0"
  checksum: 10c0/50fff1e04ba2b7737c097358534eacadad1e68d24cccee3272e04e007bed008e68d2614f3987788428fd192a5ae3889d08fb2331417e4fc4a9ab366b2043cead
  languageName: node
  linkType: hard

"has-flag@npm:^4.0.0":
  version: 4.0.0
  resolution: "has-flag@npm:4.0.0"
  checksum: 10c0/2e789c61b7888d66993e14e8331449e525ef42aac53c627cc53d1c3334e768bcb6abdc4f5f0de1478a25beec6f0bd62c7549058b7ac53e924040d4f301f02fd1
  languageName: node
  linkType: hard

"has-flag@npm:^5.0.1":
  version: 5.0.1
  resolution: "has-flag@npm:5.0.1"
  checksum: 10c0/6c214902e9d829979ef0f906980599df1db5ca289a9c72cc1b1ebc2c8c924681c60b632a21bfc23728a1098a3f300029a8608f293fcc559962ecd495652aa250
  languageName: node
  linkType: hard

"has-symbols@npm:^1.1.0":
  version: 1.1.0
  resolution: "has-symbols@npm:1.1.0"
  checksum: 10c0/dde0a734b17ae51e84b10986e651c664379018d10b91b6b0e9b293eddb32f0f069688c841fb40f19e9611546130153e0a2a48fd7f512891fb000ddfa36f5a20e
  languageName: node
  linkType: hard

"hasown@npm:^2.0.2":
  version: 2.0.2
  resolution: "hasown@npm:2.0.2"
  dependencies:
    function-bind: "npm:^1.1.2"
  checksum: 10c0/3769d434703b8ac66b209a4cca0737519925bbdb61dd887f93a16372b14694c63ff4e797686d87c90f08168e81082248b9b028bad60d4da9e0d1148766f56eb9
  languageName: node
  linkType: hard

"hyperlinker@npm:^1.0.0":
  version: 1.0.0
  resolution: "hyperlinker@npm:1.0.0"
  checksum: 10c0/7b980f51611fb5efb62ad5aa3a8af9305b7fb0c203eb9d8915e24e96cdb43c5a4121e2d461bfd74cf47d4e01e39ce473700ea0e2353cb1f71758f94be37a44b0
  languageName: node
  linkType: hard

"ini@npm:^5.0.0":
  version: 5.0.0
  resolution: "ini@npm:5.0.0"
  checksum: 10c0/657491ce766cbb4b335ab221ee8f72b9654d9f0e35c32fe5ff2eb7ab8c5ce72237ff6456555b50cde88e6507a719a70e28e327b450782b4fc20c90326ec8c1a8
  languageName: node
  linkType: hard

"is-number@npm:^7.0.0":
  version: 7.0.0
  resolution: "is-number@npm:7.0.0"
  checksum: 10c0/b4686d0d3053146095ccd45346461bc8e53b80aeb7671cc52a4de02dbbf7dc0d1d2a986e2fe4ae206984b4d34ef37e8b795ebc4f4295c978373e6575e295d811
  languageName: node
  linkType: hard

"json-with-bigint@npm:^3.5.12":
  version: 3.5.12
  resolution: "json-with-bigint@npm:3.5.12"
  checksum: 10c0/3c205a445ee946bbe2409fb3e1840617eb0bac9086934ed55fefbd584c8d5bfd288bdc9a44acc8e5ca4d1ccf83b5c2ebd63add5ef4b5ca656ef4f968bf832e79
  languageName: node
  linkType: hard

"json5@npm:^2.2.3":
  version: 2.2.3
  resolution: "json5@npm:2.2.3"
  bin:
    json5: lib/cli.js
  checksum: 10c0/5a04eed94810fa55c5ea138b2f7a5c12b97c3750bc63d11e511dcecbfef758003861522a070c2272764ee0f4e3e323862f386945aeb5b85b87ee43f084ba586c
  languageName: node
  linkType: hard

"jsonpointer@npm:^5.0.0":
  version: 5.0.1
  resolution: "jsonpointer@npm:5.0.1"
  checksum: 10c0/89929e58b400fcb96928c0504fcf4fc3f919d81e9543ceb055df125538470ee25290bb4984251e172e6ef8fcc55761eb998c118da763a82051ad89d4cb073fe7
  languageName: node
  linkType: hard

"lodash.includes@npm:^4.3.0":
  version: 4.3.0
  resolution: "lodash.includes@npm:4.3.0"
  checksum: 10c0/7ca498b9b75bf602d04e48c0adb842dfc7d90f77bcb2a91a2b2be34a723ad24bc1c8b3683ec6b2552a90f216c723cdea530ddb11a3320e08fa38265703978f4b
  languageName: node
  linkType: hard

"lodash.isobject@npm:^3.0.2":
  version: 3.0.2
  resolution: "lodash.isobject@npm:3.0.2"
  checksum: 10c0/da4c8480d98b16835b59380b2fbd43c54081acd9466febb788ba77c434384349e0bec162d1c4e89f613f21687b2b6d8384d8a112b80da00c78d28d9915a5cdde
  languageName: node
  linkType: hard

"lodash.mapvalues@npm:^4.6.0":
  version: 4.6.0
  resolution: "lodash.mapvalues@npm:4.6.0"
  checksum: 10c0/a976bfc3923d4d8d2034e049ec4700e3aaf141a6143c973d06be3b2c87697923cd0158ee770484ad1af52dfed93ae90d2b76268413db95a42a2f46d7e1754828
  languageName: node
  linkType: hard

"lodash.memoize@npm:^4.1.2":
  version: 4.1.2
  resolution: "lodash.memoize@npm:4.1.2"
  checksum: 10c0/c8713e51eccc650422716a14cece1809cfe34bc5ab5e242b7f8b4e2241c2483697b971a604252807689b9dd69bfe3a98852e19a5b89d506b000b4187a1285df8
  languageName: node
  linkType: hard

"math-intrinsics@npm:^1.1.0":
  version: 1.1.0
  resolution: "math-intrinsics@npm:1.1.0"
  checksum: 10c0/7579ff94e899e2f76ab64491d76cf606274c874d8f2af4a442c016bd85688927fcfca157ba6bf74b08e9439dc010b248ce05b96cc7c126a354c3bae7fcb48b7f
  languageName: node
  linkType: hard

"memfs-or-file-map-to-github-branch@npm:^1.3.0":
  version: 1.3.0
  resolution: "memfs-or-file-map-to-github-branch@npm:1.3.0"
  dependencies:
    "@octokit/rest": "npm:*"
  checksum: 10c0/b8b2cb139cb7799ea1c338b983a2a628341fecd9c2af2c871c5639e4c7c4e9cbd69988e95fb843cf0fd41b243e590fc2e9a719410677120aa4fabe1b1c52ec27
  languageName: node
  linkType: hard

"micromatch@npm:^4.0.4":
  version: 4.0.5
  resolution: "micromatch@npm:4.0.5"
  dependencies:
    braces: "npm:^3.0.2"
    picomatch: "npm:^2.3.1"
  checksum: 10c0/3d6505b20f9fa804af5d8c596cb1c5e475b9b0cd05f652c5b56141cf941bd72adaeb7a436fda344235cef93a7f29b7472efc779fcdb83b478eab0867b95cdeff
  languageName: node
  linkType: hard

"minimist@npm:^1.2.0":
  version: 1.2.7
  resolution: "minimist@npm:1.2.7"
  checksum: 10c0/8808da67ca50ee19ab2d69051d77ee78572e67297fd8a1635ecc757a15106ccdfb5b8c4d11d84750120142f1684e5329a141295728c755e5d149eedd73cc6572
  languageName: node
  linkType: hard

"ms@npm:2.1.2":
  version: 2.1.2
  resolution: "ms@npm:2.1.2"
  checksum: 10c0/a437714e2f90dbf881b5191d35a6db792efbca5badf112f87b9e1c712aace4b4b9b742dd6537f3edf90fd6f684de897cec230abde57e87883766712ddda297cc
  languageName: node
  linkType: hard

"node-cleanup@npm:^2.1.2":
  version: 2.1.2
  resolution: "node-cleanup@npm:2.1.2"
  checksum: 10c0/c59077d7cac01f6315e4417e5d13523e43aa19965b14768581dbd06b37419323abe5f7171afe6aa52b7a483bdd0027e5a5f62a532a2ebec2a8c4cdf163736c92
  languageName: node
  linkType: hard

"object-inspect@npm:^1.13.3":
  version: 1.13.4
  resolution: "object-inspect@npm:1.13.4"
  checksum: 10c0/d7f8711e803b96ea3191c745d6f8056ce1f2496e530e6a19a0e92d89b0fa3c76d910c31f0aa270432db6bd3b2f85500a376a83aaba849a8d518c8845b3211692
  languageName: node
  linkType: hard

"once@npm:^1.4.0":
  version: 1.4.0
  resolution: "once@npm:1.4.0"
  dependencies:
    wrappy: "npm:1"
  checksum: 10c0/5d48aca287dfefabd756621c5dfce5c91a549a93e9fdb7b8246bc4c4790aa2ec17b34a260530474635147aeb631a2dcc8b32c613df0675f96041cbb8244517d0
  languageName: node
  linkType: hard

"override-require@npm:^1.1.1":
  version: 1.1.1
  resolution: "override-require@npm:1.1.1"
  checksum: 10c0/1bc05ed3b4094ca3e930841b9f763ddabd13ed080f88df5c2884a86511aea54caadc472065297b9666e183b91d964921232aa863d26133c2f9c945b15926b6e7
  languageName: node
  linkType: hard

"parse-diff@npm:^0.7.0":
  version: 0.7.1
  resolution: "parse-diff@npm:0.7.1"
  checksum: 10c0/5e1fa0fa06f2298693474e52de087f2eaed12f6d9bf594865698cd025f7a41e9df1d2d9767ace1b685b351b7febeb25a41615db865b80df7a89c6a9593928d33
  languageName: node
  linkType: hard

"parse-github-url@npm:^1.0.2":
  version: 1.0.2
  resolution: "parse-github-url@npm:1.0.2"
  bin:
    parse-github-url: ./cli.js
  checksum: 10c0/3405b8812bc3e2c6baf49f859212e587237e17f5f886899e1c977bf53898a78f1b491341c6937beb892a0706354e44487defb387e12e5adcf3f18236408dd3dc
  languageName: node
  linkType: hard

"parse-link-header@npm:^2.0.0":
  version: 2.0.0
  resolution: "parse-link-header@npm:2.0.0"
  dependencies:
    xtend: "npm:~4.0.1"
  checksum: 10c0/7771922c4faeda9a00261cad3be5f25d4c2f940e21300c8f5ddf3b012d1a7bd82625cd08b926ff826905b9cb1e03056f222b550a4ba7d9e19404ad51fe52f68d
  languageName: node
  linkType: hard

"picomatch@npm:^2.3.1":
  version: 2.3.1
  resolution: "picomatch@npm:2.3.1"
  checksum: 10c0/26c02b8d06f03206fc2ab8d16f19960f2ff9e81a658f831ecb656d8f17d9edc799e8364b1f4a7873e89d9702dff96204be0fa26fe4181f6843f040f819dac4be
  languageName: node
  linkType: hard

"pinpoint@npm:^1.1.0":
  version: 1.1.0
  resolution: "pinpoint@npm:1.1.0"
  checksum: 10c0/d894d22dd8243623da11b550ee18a5a0aa6db6c3a33ba84b51f55a797257ffc251909d24964a44657a57e7d1b9c567bb4404ab56532f7bb0f9bcb3d9e6edaa2f
  languageName: node
  linkType: hard

"prettyjson@npm:^1.2.1":
  version: 1.2.5
  resolution: "prettyjson@npm:1.2.5"
  dependencies:
    colors: "npm:1.4.0"
    minimist: "npm:^1.2.0"
  bin:
    prettyjson: bin/prettyjson
  checksum: 10c0/94ea84205fc5103e32d562f515631c22440f7bcf4de5f5687522692e3f270bf4f450170857e098926adaec1b4ef33c9a8c97ae8911079a50fe7f584dd9ae5058
  languageName: node
  linkType: hard

"qs@npm:^6.11.1":
  version: 6.14.0
  resolution: "qs@npm:6.14.0"
  dependencies:
    side-channel: "npm:^1.1.0"
  checksum: 10c0/8ea5d91bf34f440598ee389d4a7d95820e3b837d3fd9f433871f7924801becaa0cd3b3b4628d49a7784d06a8aea9bc4554d2b6d8d584e2d221dc06238a42909c
  languageName: node
  linkType: hard

"readline-sync@npm:^1.4.9":
  version: 1.4.10
  resolution: "readline-sync@npm:1.4.10"
  checksum: 10c0/0a4d0fe4ad501f8f005a3c9cbf3cc0ae6ca2ced93e9a1c7c46f226bdfcb6ef5d3f437ae7e9d2e1098ee13524a3739c830e4c8dbc7f543a693eecd293e41093a3
  languageName: node
  linkType: hard

"regenerator-runtime@npm:^0.13.9":
  version: 0.13.11
  resolution: "regenerator-runtime@npm:0.13.11"
  checksum: 10c0/12b069dc774001fbb0014f6a28f11c09ebfe3c0d984d88c9bced77fdb6fedbacbca434d24da9ae9371bfbf23f754869307fb51a4c98a8b8b18e5ef748677ca24
  languageName: node
  linkType: hard

"require-from-string@npm:^2.0.2":
  version: 2.0.2
  resolution: "require-from-string@npm:2.0.2"
  checksum: 10c0/aaa267e0c5b022fc5fd4eef49d8285086b15f2a1c54b28240fdf03599cbd9c26049fee3eab894f2e1f6ca65e513b030a7c264201e3f005601e80c49fb2937ce2
  languageName: node
  linkType: hard

"retry@npm:0.12.0":
  version: 0.12.0
  resolution: "retry@npm:0.12.0"
  checksum: 10c0/59933e8501727ba13ad73ef4a04d5280b3717fd650408460c987392efe9d7be2040778ed8ebe933c5cbd63da3dcc37919c141ef8af0a54a6e4fca5a2af177bfe
  languageName: node
  linkType: hard

"root-workspace-0b6124@workspace:.":
  version: 0.0.0-use.local
  resolution: "root-workspace-0b6124@workspace:."
  dependencies:
    danger: "npm:14.0.7"
  languageName: unknown
  linkType: soft

"side-channel-list@npm:^1.0.0":
  version: 1.0.0
  resolution: "side-channel-list@npm:1.0.0"
  dependencies:
    es-errors: "npm:^1.3.0"
    object-inspect: "npm:^1.13.3"
  checksum: 10c0/644f4ac893456c9490ff388bf78aea9d333d5e5bfc64cfb84be8f04bf31ddc111a8d4b83b85d7e7e8a7b845bc185a9ad02c052d20e086983cf59f0be517d9b3d
  languageName: node
  linkType: hard

"side-channel-map@npm:^1.0.1":
  version: 1.0.1
  resolution: "side-channel-map@npm:1.0.1"
  dependencies:
    call-bound: "npm:^1.0.2"
    es-errors: "npm:^1.3.0"
    get-intrinsic: "npm:^1.2.5"
    object-inspect: "npm:^1.13.3"
  checksum: 10c0/010584e6444dd8a20b85bc926d934424bd809e1a3af941cace229f7fdcb751aada0fb7164f60c2e22292b7fa3c0ff0bce237081fd4cdbc80de1dc68e95430672
  languageName: node
  linkType: hard

"side-channel-weakmap@npm:^1.0.2":
  version: 1.0.2
  resolution: "side-channel-weakmap@npm:1.0.2"
  dependencies:
    call-bound: "npm:^1.0.2"
    es-errors: "npm:^1.3.0"
    get-intrinsic: "npm:^1.2.5"
    object-inspect: "npm:^1.13.3"
    side-channel-map: "npm:^1.0.1"
  checksum: 10c0/71362709ac233e08807ccd980101c3e2d7efe849edc51455030327b059f6c4d292c237f94dc0685031dd11c07dd17a68afde235d6cf2102d949567f98ab58185
  languageName: node
  linkType: hard

"side-channel@npm:^1.1.0":
  version: 1.1.0
  resolution: "side-channel@npm:1.1.0"
  dependencies:
    es-errors: "npm:^1.3.0"
    object-inspect: "npm:^1.13.3"
    side-channel-list: "npm:^1.0.0"
    side-channel-map: "npm:^1.0.1"
    side-channel-weakmap: "npm:^1.0.2"
  checksum: 10c0/cb20dad41eb032e6c24c0982e1e5a24963a28aa6122b4f05b3f3d6bf8ae7fd5474ef382c8f54a6a3ab86e0cac4d41a23bd64ede3970e5bfb50326ba02a7996e6
  languageName: node
  linkType: hard

"supports-color@npm:^10.2.2":
  version: 10.2.2
  resolution: "supports-color@npm:10.2.2"
  checksum: 10c0/fb28dd7e0cdf80afb3f2a41df5e068d60c8b4f97f7140de2eaed5b42e075d82a0e980b20a2c0efd2b6d73cfacb55555285d8cc719fa0472220715aefeaa1da7c
  languageName: node
  linkType: hard

"supports-color@npm:^7.1.0":
  version: 7.2.0
  resolution: "supports-color@npm:7.2.0"
  dependencies:
    has-flag: "npm:^4.0.0"
  checksum: 10c0/afb4c88521b8b136b5f5f95160c98dee7243dc79d5432db7efc27efb219385bbc7d9427398e43dd6cc730a0f87d5085ce1652af7efbe391327bc0a7d0f7fc124
  languageName: node
  linkType: hard

"supports-hyperlinks@npm:^4.3.0":
  version: 4.5.0
  resolution: "supports-hyperlinks@npm:4.5.0"
  dependencies:
    has-flag: "npm:^5.0.1"
    supports-color: "npm:^10.2.2"
  checksum: 10c0/28082aad8e13209a893b45c5108377572ae2bdf9b6e663930386095b8030240d10cc0316dbaef69b6045d0e6d443944c66e0cd4ea424f34923bded256283e75b
  languageName: node
  linkType: hard

"to-regex-range@npm:^5.0.1":
  version: 5.0.1
  resolution: "to-regex-range@npm:5.0.1"
  dependencies:
    is-number: "npm:^7.0.0"
  checksum: 10c0/487988b0a19c654ff3e1961b87f471702e708fa8a8dd02a298ef16da7206692e8552a0250e8b3e8759270f62e9d8314616f6da274734d3b558b1fc7b7724e892
  languageName: node
  linkType: hard

"undici@npm:^7.16.0":
  version: 7.29.1
  resolution: "undici@npm:7.29.1"
  checksum: 10c0/5a419b1364531071ebdfd93748f7f2392d4eb6d68dd99814e1020f8fc6a517e3298129004c871516ee204bac68aba93541f587200b04a7449b8d45683a7d86f6
  languageName: node
  linkType: hard

"universal-user-agent@npm:^6.0.0":
  version: 6.0.0
  resolution: "universal-user-agent@npm:6.0.0"
  checksum: 10c0/ebeb0206963666c13bcf9ebc86d0577c7daed5870c05cd34d4972ee7a43b9ef20679baf2a8c83bf1b71d899bae67243ac4982d84ddaf9ba0355ff76595819961
  languageName: node
  linkType: hard

"universal-user-agent@npm:^7.0.0, universal-user-agent@npm:^7.0.2":
  version: 7.0.3
  resolution: "universal-user-agent@npm:7.0.3"
  checksum: 10c0/6043be466a9bb96c0ce82392842d9fddf4c37e296f7bacc2cb25f47123990eb436c82df824644f9c5070a94dbdb117be17f66d54599ab143648ec57ef93dbcc8
  languageName: node
  linkType: hard

"wrappy@npm:1":
  version: 1.0.2
  resolution: "wrappy@npm:1.0.2"
  checksum: 10c0/56fece1a4018c6a6c8e28fbc88c87e0fbf4ea8fd64fc6c63b18f4acc4bd13e0ad2515189786dd2c30d3eec9663d70f4ecf699330002f8ccb547e4a18231fc9f0
  languageName: node
  linkType: hard

"xcase@npm:^2.0.1":
  version: 2.0.1
  resolution: "xcase@npm:2.0.1"
  checksum: 10c0/11b8ae8f6734b29d442a5acf1dff3a896cabbf49e7ffa01472ff6fa687a6e6f6a25889d06c10a41950e7a90fe89239fa78d95eab0c5eb654ca75f0ccd71ba8ed
  languageName: node
  linkType: hard

"xtend@npm:~4.0.1":
  version: 4.0.2
  resolution: "xtend@npm:4.0.2"
  checksum: 10c0/366ae4783eec6100f8a02dff02ac907bf29f9a00b82ac0264b4d8b832ead18306797e283cf19de776538babfdcb2101375ec5646b59f08c52128ac4ab812ed0e
  languageName: node
  linkType: hard
