dependencies:
- name: elasticsearch
  repository: https://charts.bitnami.com/bitnami
  version: 19.10.3
- name: mongodb
  repository: https://charts.bitnami.com/bitnami
  version: 13.15.4
digest: sha256:763a107d1d83956beb86428ab2e5a30a28126c8a82c69994114cb886650714a7
generated: "2023-07-05T17:05:14.462996+02:00"
