dependencies:
- name: elasticsearch
  repository: https://charts.bitnami.com/bitnami
  version: 19.10.9
- name: mongodb
  repository: https://charts.bitnami.com/bitnami
  version: 13.16.4
digest: sha256:39f3801d546db4a4e02c8fb923ca96cd8aea8d0bf250c176caa503bc3836d656
generated: "2023-12-11T10:31:57.385795+01:00"
